{
  "version": 4,
  "terraform_version": "1.14.3",
  "serial": 716,
  "lineage": "f0d8eaf6-fb59-7ff8-0bb9-7584c3da639d",
  "outputs": {
    "nat_gateway_public_ip": {
      "value": "13.206.58.161",
      "type": "string"
    },
    "nlb_dns": {
      "value": "nit-dev-nlb-034c95137cf669bd.elb.ap-south-1.amazonaws.com",
      "type": "string"
    },
    "private_subnet_1_id": {
      "value": "subnet-0840e04960c3ba890",
      "type": "string"
    },
    "private_subnet_2_id": {
      "value": "subnet-06d99f755d11770a6",
      "type": "string"
    },
    "rds_endpoint": {
      "value": "nit-dev-mysql.cp0k4s8c25hm.ap-south-1.rds.amazonaws.com",
      "type": "string"
    }
  },
  "resources": [
    {
      "mode": "data",
      "type": "aws_availability_zones",
      "name": "azs",
      "provider": "provider[\"registry.terraform.io/hashicorp/aws\"]",
      "instances": [
        {
          "schema_version": 0,
          "attributes": {
            "all_availability_zones": null,
            "exclude_names": null,
            "exclude_zone_ids": null,
            "filter": null,
            "group_names": [
              "ap-south-1-zg-1"
            ],
            "id": "ap-south-1",
            "names": [
              "ap-south-1a",
              "ap-south-1b",
              "ap-south-1c"
            ],
            "state": null,
            "timeouts": null,
            "zone_ids": [
              "aps1-az1",
              "aps1-az3",
              "aps1-az2"
            ]
          },
          "sensitive_attributes": [],
          "identity_schema_version": 0
        }
      ]
    },
    {
      "mode": "managed",
      "type": "aws_autoscaling_group",
      "name": "be_asg",
      "provider": "provider[\"registry.terraform.io/hashicorp/aws\"]",
      "instances": [
        {
          "schema_version": 1,
          "attributes": {
            "arn": "arn:aws:autoscaling:ap-south-1:256600409744:autoScalingGroup:53a20cf0-781b-4164-899a-0a5c8d5089b1:autoScalingGroupName/nit-dev-be-asg",
            "availability_zone_distribution": [
              {
                "capacity_distribution_strategy": "balanced-best-effort"
              }
            ],
            "availability_zones": [
              "ap-south-1a",
              "ap-south-1b"
            ],
            "capacity_rebalance": false,
            "capacity_reservation_specification": [
              {
                "capacity_reservation_preference": "default",
                "capacity_reservation_target": []
              }
            ],
            "context": "",
            "default_cooldown": 300,
            "default_instance_warmup": 0,
            "desired_capacity": 1,
            "desired_capacity_type": "",
            "enabled_metrics": null,
            "force_delete": false,
            "force_delete_warm_pool": false,
            "health_check_grace_period": 300,
            "health_check_type": "EC2",
            "id": "nit-dev-be-asg",
            "ignore_failed_scaling_activities": false,
            "initial_lifecycle_hook": [],
            "instance_maintenance_policy": [],
            "instance_refresh": [],
            "launch_configuration": "",
            "launch_template": [
              {
                "id": "lt-067ab848a8e203be9",
                "name": "nit-dev-be-lt",
                "version": "$Latest"
              }
            ],
            "load_balancers": [],
            "max_instance_lifetime": 0,
            "max_size": 1,
            "metrics_granularity": "1Minute",
            "min_elb_capacity": null,
            "min_size": 1,
            "mixed_instances_policy": [],
            "name": "nit-dev-be-asg",
            "name_prefix": "",
            "placement_group": "",
            "predicted_capacity": 0,
            "protect_from_scale_in": false,
            "service_linked_role_arn": "arn:aws:iam::256600409744:role/aws-service-role/autoscaling.amazonaws.com/AWSServiceRoleForAutoScaling",
            "suspended_processes": null,
            "tag": [
              {
                "key": "Name",
                "propagate_at_launch": true,
                "value": "nit-dev-be-asg-instance"
              }
            ],
            "target_group_arns": [
              "arn:aws:elasticloadbalancing:ap-south-1:256600409744:targetgroup/nit-dev-be-tg/f2cb538493274772"
            ],
            "termination_policies": null,
            "timeouts": null,
            "traffic_source": [
              {
                "identifier": "arn:aws:elasticloadbalancing:ap-south-1:256600409744:targetgroup/nit-dev-be-tg/f2cb538493274772",
                "type": "elbv2"
              }
            ],
            "vpc_zone_identifier": [
              "subnet-06d99f755d11770a6",
              "subnet-0840e04960c3ba890"
            ],
            "wait_for_capacity_timeout": "10m",
            "wait_for_elb_capacity": null,
            "warm_pool": [],
            "warm_pool_size": 0
          },
          "sensitive_attributes": [],
          "identity_schema_version": 0,
          "private": "eyJlMmJmYjczMC1lY2FhLTExZTYtOGY4OC0zNDM2M2JjN2M0YzAiOnsiZGVsZXRlIjo2MDAwMDAwMDAwMDAsInVwZGF0ZSI6NjAwMDAwMDAwMDAwfSwic2NoZW1hX3ZlcnNpb24iOiIxIn0=",
          "dependencies": [
            "aws_db_instance.mysql",
            "aws_db_subnet_group.rds_subnet_group",
            "aws_iam_instance_profile.be_profile",
            "aws_iam_role.be_role",
            "aws_launch_template.be_lt",
            "aws_lb_target_group.be_tg",
            "aws_s3_bucket.be_app_bucket",
            "aws_s3_object.backend_app",
            "aws_security_group.be_sg",
            "aws_security_group.rds_sg",
            "aws_ssm_parameter.mysql_host",
            "aws_ssm_parameter.mysql_password",
            "aws_ssm_parameter.mysql_username",
            "aws_subnet.private_1",
            "aws_subnet.private_2",
            "aws_vpc.nit_vpc",
            "data.aws_availability_zones.azs"
          ]
        }
      ]
    },
    {
      "mode": "managed",
      "type": "aws_autoscaling_group",
      "name": "frontend_asg",
      "provider": "provider[\"registry.terraform.io/hashicorp/aws\"]",
      "instances": [
        {
          "schema_version": 1,
          "attributes": {
            "arn": "arn:aws:autoscaling:ap-south-1:256600409744:autoScalingGroup:d9d5895c-b592-4bb5-8f0e-e04238e7ac3f:autoScalingGroupName/nit-dev-fe-asg",
            "availability_zone_distribution": [
              {
                "capacity_distribution_strategy": "balanced-best-effort"
              }
            ],
            "availability_zones": [
              "ap-south-1a",
              "ap-south-1b"
            ],
            "capacity_rebalance": false,
            "capacity_reservation_specification": [
              {
                "capacity_reservation_preference": "default",
                "capacity_reservation_target": []
              }
            ],
            "context": "",
            "default_cooldown": 300,
            "default_instance_warmup": 0,
            "desired_capacity": 1,
            "desired_capacity_type": "",
            "enabled_metrics": [],
            "force_delete": false,
            "force_delete_warm_pool": false,
            "health_check_grace_period": 300,
            "health_check_type": "EC2",
            "id": "nit-dev-fe-asg",
            "ignore_failed_scaling_activities": false,
            "initial_lifecycle_hook": [],
            "instance_maintenance_policy": [],
            "instance_refresh": [],
            "launch_configuration": "",
            "launch_template": [
              {
                "id": "lt-0889031df14f0cee6",
                "name": "nit-dev-fe-lt",
                "version": "$Latest"
              }
            ],
            "load_balancers": [],
            "max_instance_lifetime": 0,
            "max_size": 1,
            "metrics_granularity": "1Minute",
            "min_elb_capacity": null,
            "min_size": 1,
            "mixed_instances_policy": [],
            "name": "nit-dev-fe-asg",
            "name_prefix": "",
            "placement_group": "",
            "predicted_capacity": 0,
            "protect_from_scale_in": false,
            "service_linked_role_arn": "arn:aws:iam::256600409744:role/aws-service-role/autoscaling.amazonaws.com/AWSServiceRoleForAutoScaling",
            "suspended_processes": [],
            "tag": [
              {
                "key": "Name",
                "propagate_at_launch": true,
                "value": "nit-dev-fe-asg-instance"
              }
            ],
            "target_group_arns": [
              "arn:aws:elasticloadbalancing:ap-south-1:256600409744:targetgroup/nit-dev-fe-tg/cab7404a7d387475"
            ],
            "termination_policies": [],
            "timeouts": null,
            "traffic_source": [
              {
                "identifier": "arn:aws:elasticloadbalancing:ap-south-1:256600409744:targetgroup/nit-dev-fe-tg/cab7404a7d387475",
                "type": "elbv2"
              }
            ],
            "vpc_zone_identifier": [
              "subnet-06d99f755d11770a6",
              "subnet-0840e04960c3ba890"
            ],
            "wait_for_capacity_timeout": "10m",
            "wait_for_elb_capacity": null,
            "warm_pool": [],
            "warm_pool_size": 0
          },
          "sensitive_attributes": [],
          "identity_schema_version": 0,
          "private": "eyJlMmJmYjczMC1lY2FhLTExZTYtOGY4OC0zNDM2M2JjN2M0YzAiOnsiZGVsZXRlIjo2MDAwMDAwMDAwMDAsInVwZGF0ZSI6NjAwMDAwMDAwMDAwfSwic2NoZW1hX3ZlcnNpb24iOiIxIn0=",
          "dependencies": [
            "aws_iam_instance_profile.frontend_profile",
            "aws_iam_role.frontend_role",
            "aws_launch_template.frontend_lt",
            "aws_lb.nlb",
            "aws_lb_target_group.fe_tg",
            "aws_s3_bucket.frontend_bucket",
            "aws_s3_object.frontend_app",
            "aws_security_group.alb_sg",
            "aws_security_group.fe_sg",
            "aws_subnet.private_1",
            "aws_subnet.private_2",
            "aws_vpc.nit_vpc",
            "data.aws_availability_zones.azs"
          ]
        }
      ]
    },
    {
      "mode": "managed",
      "type": "aws_autoscaling_lifecycle_hook",
      "name": "be_launch_hook",
      "provider": "provider[\"registry.terraform.io/hashicorp/aws\"]",
      "instances": [
        {
          "schema_version": 0,
          "attributes": {
            "autoscaling_group_name": "nit-dev-be-asg",
            "default_result": "CONTINUE",
            "heartbeat_timeout": 300,
            "id": "nit-be-launch-hook",
            "lifecycle_transition": "autoscaling:EC2_INSTANCE_LAUNCHING",
            "name": "nit-be-launch-hook",
            "notification_metadata": "",
            "notification_target_arn": "",
            "role_arn": ""
          },
          "sensitive_attributes": [],
          "identity_schema_version": 0,
          "private": "bnVsbA==",
          "dependencies": [
            "aws_autoscaling_group.be_asg",
            "aws_db_instance.mysql",
            "aws_db_subnet_group.rds_subnet_group",
            "aws_iam_instance_profile.be_profile",
            "aws_iam_role.be_role",
            "aws_launch_template.be_lt",
            "aws_lb_target_group.be_tg",
            "aws_s3_bucket.be_app_bucket",
            "aws_s3_object.backend_app",
            "aws_security_group.be_sg",
            "aws_security_group.rds_sg",
            "aws_ssm_parameter.mysql_host",
            "aws_ssm_parameter.mysql_password",
            "aws_ssm_parameter.mysql_username",
            "aws_subnet.private_1",
            "aws_subnet.private_2",
            "aws_vpc.nit_vpc",
            "data.aws_availability_zones.azs"
          ]
        }
      ]
    },
    {
      "mode": "managed",
      "type": "aws_autoscaling_schedule",
      "name": "scale_down_night",
      "provider": "provider[\"registry.terraform.io/hashicorp/aws\"]",
      "instances": [
        {
          "schema_version": 0,
          "attributes": {
            "arn": "arn:aws:autoscaling:ap-south-1:256600409744:scheduledUpdateGroupAction:fb66653b-6a3b-4459-87bb-6826ae77e1cc:autoScalingGroupName/nit-dev-be-asg:scheduledActionName/scale-down-night",
            "autoscaling_group_name": "nit-dev-be-asg",
            "desired_capacity": 1,
            "end_time": null,
            "id": "scale-down-night",
            "max_size": 1,
            "min_size": 1,
            "recurrence": "0 22 * * *",
            "scheduled_action_name": "scale-down-night",
            "start_time": "2026-03-09T22:00:00Z",
            "time_zone": ""
          },
          "sensitive_attributes": [],
          "identity_schema_version": 0,
          "private": "bnVsbA==",
          "dependencies": [
            "aws_autoscaling_group.be_asg",
            "aws_db_instance.mysql",
            "aws_db_subnet_group.rds_subnet_group",
            "aws_iam_instance_profile.be_profile",
            "aws_iam_role.be_role",
            "aws_launch_template.be_lt",
            "aws_lb_target_group.be_tg",
            "aws_s3_bucket.be_app_bucket",
            "aws_s3_object.backend_app",
            "aws_security_group.be_sg",
            "aws_security_group.rds_sg",
            "aws_ssm_parameter.mysql_host",
            "aws_ssm_parameter.mysql_password",
            "aws_ssm_parameter.mysql_username",
            "aws_subnet.private_1",
            "aws_subnet.private_2",
            "aws_vpc.nit_vpc",
            "data.aws_availability_zones.azs"
          ]
        }
      ]
    },
    {
      "mode": "managed",
      "type": "aws_autoscaling_schedule",
      "name": "scale_up_morning",
      "provider": "provider[\"registry.terraform.io/hashicorp/aws\"]",
      "instances": [
        {
          "schema_version": 0,
          "attributes": {
            "arn": "arn:aws:autoscaling:ap-south-1:256600409744:scheduledUpdateGroupAction:0fefd2b3-22b3-456f-81ac-0d569c694511:autoScalingGroupName/nit-dev-be-asg:scheduledActionName/scale-up-morning",
            "autoscaling_group_name": "nit-dev-be-asg",
            "desired_capacity": 2,
            "end_time": null,
            "id": "scale-up-morning",
            "max_size": 2,
            "min_size": 1,
            "recurrence": "0 9 * * *",
            "scheduled_action_name": "scale-up-morning",
            "start_time": "2026-03-10T09:00:00Z",
            "time_zone": ""
          },
          "sensitive_attributes": [],
          "identity_schema_version": 0,
          "private": "bnVsbA==",
          "dependencies": [
            "aws_autoscaling_group.be_asg",
            "aws_db_instance.mysql",
            "aws_db_subnet_group.rds_subnet_group",
            "aws_iam_instance_profile.be_profile",
            "aws_iam_role.be_role",
            "aws_launch_template.be_lt",
            "aws_lb_target_group.be_tg",
            "aws_s3_bucket.be_app_bucket",
            "aws_s3_object.backend_app",
            "aws_security_group.be_sg",
            "aws_security_group.rds_sg",
            "aws_ssm_parameter.mysql_host",
            "aws_ssm_parameter.mysql_password",
            "aws_ssm_parameter.mysql_username",
            "aws_subnet.private_1",
            "aws_subnet.private_2",
            "aws_vpc.nit_vpc",
            "data.aws_availability_zones.azs"
          ]
        }
      ]
    },
    {
      "mode": "managed",
      "type": "aws_db_instance",
      "name": "mysql",
      "provider": "provider[\"registry.terraform.io/hashicorp/aws\"]",
      "instances": [
        {
          "schema_version": 2,
          "attributes": {
            "address": "nit-dev-mysql.cp0k4s8c25hm.ap-south-1.rds.amazonaws.com",
            "allocated_storage": 20,
            "allow_major_version_upgrade": null,
            "apply_immediately": false,
            "arn": "arn:aws:rds:ap-south-1:256600409744:db:nit-dev-mysql",
            "auto_minor_version_upgrade": true,
            "availability_zone": "ap-south-1b",
            "backup_retention_period": 0,
            "backup_target": "region",
            "backup_window": "17:48-18:18",
            "blue_green_update": [],
            "ca_cert_identifier": "rds-ca-rsa2048-g1",
            "character_set_name": "",
            "copy_tags_to_snapshot": false,
            "custom_iam_instance_profile": "",
            "customer_owned_ip_enabled": false,
            "database_insights_mode": "standard",
            "db_name": "datastore",
            "db_subnet_group_name": "nit-dev-db-subnet-group",
            "dedicated_log_volume": false,
            "delete_automated_backups": true,
            "deletion_protection": false,
            "domain": "",
            "domain_auth_secret_arn": "",
            "domain_dns_ips": null,
            "domain_fqdn": "",
            "domain_iam_role_name": "",
            "domain_ou": "",
            "enabled_cloudwatch_logs_exports": null,
            "endpoint": "nit-dev-mysql.cp0k4s8c25hm.ap-south-1.rds.amazonaws.com:3306",
            "engine": "mysql",
            "engine_lifecycle_support": "open-source-rds-extended-support",
            "engine_version": "8.0",
            "engine_version_actual": "8.0.44",
            "final_snapshot_identifier": null,
            "hosted_zone_id": "Z2VFMSZA74J7XZ",
            "iam_database_authentication_enabled": false,
            "id": "db-Z7FX27TYGIGCX5T5RYUOLSX2HU",
            "identifier": "nit-dev-mysql",
            "identifier_prefix": "",
            "instance_class": "db.t3.micro",
            "iops": 0,
            "kms_key_id": "arn:aws:kms:ap-south-1:256600409744:key/74f52376-c941-4569-84fd-b06233be6c20",
            "latest_restorable_time": "",
            "license_model": "general-public-license",
            "listener_endpoint": [],
            "maintenance_window": "tue:06:54-tue:07:24",
            "manage_master_user_password": null,
            "master_user_secret": [],
            "master_user_secret_kms_key_id": null,
            "max_allocated_storage": 0,
            "monitoring_interval": 0,
            "monitoring_role_arn": "",
            "multi_az": false,
            "nchar_character_set_name": "",
            "network_type": "IPV4",
            "option_group_name": "default:mysql-8-0",
            "parameter_group_name": "default.mysql8.0",
            "password": "root1234",
            "password_wo": null,
            "password_wo_version": null,
            "performance_insights_enabled": false,
            "performance_insights_kms_key_id": "",
            "performance_insights_retention_period": 0,
            "port": 3306,
            "publicly_accessible": false,
            "replica_mode": "",
            "replicas": [],
            "replicate_source_db": "",
            "resource_id": "db-Z7FX27TYGIGCX5T5RYUOLSX2HU",
            "restore_to_point_in_time": [],
            "s3_import": [],
            "skip_final_snapshot": true,
            "snapshot_identifier": null,
            "status": "available",
            "storage_encrypted": true,
            "storage_throughput": 0,
            "storage_type": "gp2",
            "tags": {
              "Name": "nit-dev-mysql"
            },
            "tags_all": {
              "Name": "nit-dev-mysql"
            },
            "timeouts": null,
            "timezone": "",
            "upgrade_storage_config": null,
            "username": "nitadmin",
            "vpc_security_group_ids": [
              "sg-026168f91fd8e62b5"
            ]
          },
          "sensitive_attributes": [
            [
              {
                "type": "get_attr",
                "value": "password"
              }
            ],
            [
              {
                "type": "get_attr",
                "value": "password_wo"
              }
            ]
          ],
          "identity_schema_version": 0,
          "private": "eyJlMmJmYjczMC1lY2FhLTExZTYtOGY4OC0zNDM2M2JjN2M0YzAiOnsiY3JlYXRlIjozMDAwMDAwMDAwMDAwLCJkZWxldGUiOjM2MDAwMDAwMDAwMDAsInVwZGF0ZSI6NDgwMDAwMDAwMDAwMH0sInNjaGVtYV92ZXJzaW9uIjoiMiJ9",
          "dependencies": [
            "aws_db_subnet_group.rds_subnet_group",
            "aws_security_group.be_sg",
            "aws_security_group.rds_sg",
            "aws_subnet.private_1",
            "aws_subnet.private_2",
            "aws_vpc.nit_vpc",
            "data.aws_availability_zones.azs"
          ]
        }
      ]
    },
    {
      "mode": "managed",
      "type": "aws_db_subnet_group",
      "name": "rds_subnet_group",
      "provider": "provider[\"registry.terraform.io/hashicorp/aws\"]",
      "instances": [
        {
          "schema_version": 0,
          "attributes": {
            "arn": "arn:aws:rds:ap-south-1:256600409744:subgrp:nit-dev-db-subnet-group",
            "description": "Managed by Terraform",
            "id": "nit-dev-db-subnet-group",
            "name": "nit-dev-db-subnet-group",
            "name_prefix": "",
            "subnet_ids": [
              "subnet-06d99f755d11770a6",
              "subnet-0840e04960c3ba890"
            ],
            "supported_network_types": [
              "IPV4"
            ],
            "tags": {
              "Name": "nit-dev-db-subnet-group"
            },
            "tags_all": {
              "Name": "nit-dev-db-subnet-group"
            },
            "vpc_id": "vpc-0b771092c6e1aaa8e"
          },
          "sensitive_attributes": [],
          "identity_schema_version": 0,
          "private": "bnVsbA==",
          "dependencies": [
            "aws_subnet.private_1",
            "aws_subnet.private_2",
            "aws_vpc.nit_vpc",
            "data.aws_availability_zones.azs"
          ]
        }
      ]
    },
    {
      "mode": "managed",
      "type": "aws_eip",
      "name": "nat_eip",
      "provider": "provider[\"registry.terraform.io/hashicorp/aws\"]",
      "instances": [
        {
          "schema_version": 0,
          "attributes": {
            "address": null,
            "allocation_id": "eipalloc-02e1f1960dbed94c1",
            "arn": "arn:aws:ec2:ap-south-1:256600409744:elastic-ip/eipalloc-02e1f1960dbed94c1",
            "associate_with_private_ip": null,
            "association_id": "eipassoc-03a5244fdad152d26",
            "carrier_ip": "",
            "customer_owned_ip": "",
            "customer_owned_ipv4_pool": "",
            "domain": "vpc",
            "id": "eipalloc-02e1f1960dbed94c1",
            "instance": "",
            "ipam_pool_id": null,
            "network_border_group": "ap-south-1",
            "network_interface": "eni-0a97363b199bac8be",
            "private_dns": "ip-172-20-1-45.ap-south-1.compute.internal",
            "private_ip": "172.20.1.45",
            "ptr_record": "",
            "public_dns": "ec2-13-206-58-161.ap-south-1.compute.amazonaws.com",
            "public_ip": "13.206.58.161",
            "public_ipv4_pool": "amazon",
            "tags": {
              "Environment": "Dev",
              "ManagedBy": "Terraform",
              "Name": "nit-dev-nat-eip",
              "Project": "NIT"
            },
            "tags_all": {
              "Environment": "Dev",
              "ManagedBy": "Terraform",
              "Name": "nit-dev-nat-eip",
              "Project": "NIT"
            },
            "timeouts": null,
            "vpc": true
          },
          "sensitive_attributes": [],
          "identity_schema_version": 0,
          "private": "eyJlMmJmYjczMC1lY2FhLTExZTYtOGY4OC0zNDM2M2JjN2M0YzAiOnsiZGVsZXRlIjoxODAwMDAwMDAwMDAsInJlYWQiOjkwMDAwMDAwMDAwMCwidXBkYXRlIjozMDAwMDAwMDAwMDB9fQ=="
        }
      ]
    },
    {
      "mode": "managed",
      "type": "aws_iam_instance_profile",
      "name": "be_profile",
      "provider": "provider[\"registry.terraform.io/hashicorp/aws\"]",
      "instances": [
        {
          "schema_version": 0,
          "attributes": {
            "arn": "arn:aws:iam::256600409744:instance-profile/nit-dev-be-instance-profile",
            "create_date": "2026-03-09T10:09:52Z",
            "id": "nit-dev-be-instance-profile",
            "name": "nit-dev-be-instance-profile",
            "name_prefix": "",
            "path": "/",
            "role": "nit-dev-be-role",
            "tags": {},
            "tags_all": {},
            "unique_id": "AIPATXPUTQ2IAGL5BX7MO"
          },
          "sensitive_attributes": [],
          "identity_schema_version": 0,
          "private": "bnVsbA==",
          "dependencies": [
            "aws_iam_role.be_role"
          ]
        }
      ]
    },
    {
      "mode": "managed",
      "type": "aws_iam_instance_profile",
      "name": "frontend_profile",
      "provider": "provider[\"registry.terraform.io/hashicorp/aws\"]",
      "instances": [
        {
          "schema_version": 0,
          "attributes": {
            "arn": "arn:aws:iam::256600409744:instance-profile/nit-dev-fe-instance-profile",
            "create_date": "2026-03-09T10:09:52Z",
            "id": "nit-dev-fe-instance-profile",
            "name": "nit-dev-fe-instance-profile",
            "name_prefix": "",
            "path": "/",
            "role": "nit-dev-fe-role",
            "tags": {},
            "tags_all": {},
            "unique_id": "AIPATXPUTQ2IFELSTIJ4D"
          },
          "sensitive_attributes": [],
          "identity_schema_version": 0,
          "private": "bnVsbA==",
          "dependencies": [
            "aws_iam_role.frontend_role"
          ]
        }
      ]
    },
    {
      "mode": "managed",
      "type": "aws_iam_policy",
      "name": "parameter_policy",
      "provider": "provider[\"registry.terraform.io/hashicorp/aws\"]",
      "instances": [
        {
          "schema_version": 0,
          "attributes": {
            "arn": "arn:aws:iam::256600409744:policy/my-nit-parameter-policy",
            "attachment_count": 1,
            "description": "Allow EC2 to read /nit/dev/* SSM parameters",
            "id": "arn:aws:iam::256600409744:policy/my-nit-parameter-policy",
            "name": "my-nit-parameter-policy",
            "name_prefix": "",
            "path": "/",
            "policy": "{\"Statement\":[{\"Action\":[\"ssm:GetParameter\",\"ssm:GetParameters\",\"ssm:GetParametersByPath\",\"ssm:GetParameterHistory\"],\"Effect\":\"Allow\",\"Resource\":\"arn:aws:ssm:ap-south-1:*:parameter/nit/dev/*\"}],\"Version\":\"2012-10-17\"}",
            "policy_id": "ANPATXPUTQ2IESOQ73VFG",
            "tags": {},
            "tags_all": {}
          },
          "sensitive_attributes": [],
          "identity_schema_version": 0,
          "private": "bnVsbA=="
        }
      ]
    },
    {
      "mode": "managed",
      "type": "aws_iam_role",
      "name": "be_role",
      "provider": "provider[\"registry.terraform.io/hashicorp/aws\"]",
      "instances": [
        {
          "schema_version": 0,
          "attributes": {
            "arn": "arn:aws:iam::256600409744:role/nit-dev-be-role",
            "assume_role_policy": "{\"Statement\":[{\"Action\":\"sts:AssumeRole\",\"Effect\":\"Allow\",\"Principal\":{\"Service\":\"ec2.amazonaws.com\"}}],\"Version\":\"2012-10-17\"}",
            "create_date": "2026-03-09T10:09:50Z",
            "description": "",
            "force_detach_policies": false,
            "id": "nit-dev-be-role",
            "inline_policy": [],
            "managed_policy_arns": [
              "arn:aws:iam::256600409744:policy/my-nit-parameter-policy",
              "arn:aws:iam::aws:policy/AmazonRDSDataFullAccess",
              "arn:aws:iam::aws:policy/AmazonS3FullAccess",
              "arn:aws:iam::aws:policy/AmazonSSMManagedInstanceCore",
              "arn:aws:iam::aws:policy/CloudWatchAgentServerPolicy"
            ],
            "max_session_duration": 3600,
            "name": "nit-dev-be-role",
            "name_prefix": "",
            "path": "/",
            "permissions_boundary": "",
            "tags": {
              "Name": "nit-dev-be-role"
            },
            "tags_all": {
              "Name": "nit-dev-be-role"
            },
            "unique_id": "AROATXPUTQ2IJAJCIP3DN"
          },
          "sensitive_attributes": [],
          "identity_schema_version": 0,
          "private": "bnVsbA=="
        }
      ]
    },
    {
      "mode": "managed",
      "type": "aws_iam_role",
      "name": "frontend_role",
      "provider": "provider[\"registry.terraform.io/hashicorp/aws\"]",
      "instances": [
        {
          "schema_version": 0,
          "attributes": {
            "arn": "arn:aws:iam::256600409744:role/nit-dev-fe-role",
            "assume_role_policy": "{\"Statement\":[{\"Action\":\"sts:AssumeRole\",\"Effect\":\"Allow\",\"Principal\":{\"Service\":\"ec2.amazonaws.com\"}}],\"Version\":\"2012-10-17\"}",
            "create_date": "2026-03-09T10:09:50Z",
            "description": "",
            "force_detach_policies": false,
            "id": "nit-dev-fe-role",
            "inline_policy": [],
            "managed_policy_arns": [
              "arn:aws:iam::aws:policy/AmazonS3FullAccess",
              "arn:aws:iam::aws:policy/AmazonSSMManagedInstanceCore"
            ],
            "max_session_duration": 3600,
            "name": "nit-dev-fe-role",
            "name_prefix": "",
            "path": "/",
            "permissions_boundary": "",
            "tags": {
              "Name": "nit-dev-fe-role"
            },
            "tags_all": {
              "Name": "nit-dev-fe-role"
            },
            "unique_id": "AROATXPUTQ2IAQ3R6ILJS"
          },
          "sensitive_attributes": [],
          "identity_schema_version": 0,
          "private": "bnVsbA=="
        }
      ]
    },
    {
      "mode": "managed",
      "type": "aws_iam_role_policy_attachment",
      "name": "cw_agent",
      "provider": "provider[\"registry.terraform.io/hashicorp/aws\"]",
      "instances": [
        {
          "schema_version": 0,
          "attributes": {
            "id": "nit-dev-be-role-20260309100949263100000004",
            "policy_arn": "arn:aws:iam::aws:policy/CloudWatchAgentServerPolicy",
            "role": "nit-dev-be-role"
          },
          "sensitive_attributes": [],
          "identity_schema_version": 0,
          "private": "bnVsbA==",
          "dependencies": [
            "aws_iam_role.be_role"
          ]
        }
      ]
    },
    {
      "mode": "managed",
      "type": "aws_iam_role_policy_attachment",
      "name": "fe_s3",
      "provider": "provider[\"registry.terraform.io/hashicorp/aws\"]",
      "instances": [
        {
          "schema_version": 0,
          "attributes": {
            "id": "nit-dev-fe-role-20260309100949534500000006",
            "policy_arn": "arn:aws:iam::aws:policy/AmazonS3FullAccess",
            "role": "nit-dev-fe-role"
          },
          "sensitive_attributes": [],
          "identity_schema_version": 0,
          "private": "bnVsbA==",
          "dependencies": [
            "aws_iam_role.frontend_role"
          ]
        }
      ]
    },
    {
      "mode": "managed",
      "type": "aws_iam_role_policy_attachment",
      "name": "fe_ssm",
      "provider": "provider[\"registry.terraform.io/hashicorp/aws\"]",
      "instances": [
        {
          "schema_version": 0,
          "attributes": {
            "id": "nit-dev-fe-role-20260309100949724100000007",
            "policy_arn": "arn:aws:iam::aws:policy/AmazonSSMManagedInstanceCore",
            "role": "nit-dev-fe-role"
          },
          "sensitive_attributes": [],
          "identity_schema_version": 0,
          "private": "bnVsbA==",
          "dependencies": [
            "aws_iam_role.frontend_role"
          ]
        }
      ]
    },
    {
      "mode": "managed",
      "type": "aws_iam_role_policy_attachment",
      "name": "param_policy",
      "provider": "provider[\"registry.terraform.io/hashicorp/aws\"]",
      "instances": [
        {
          "schema_version": 0,
          "attributes": {
            "id": "nit-dev-be-role-20260309100948992000000001",
            "policy_arn": "arn:aws:iam::256600409744:policy/my-nit-parameter-policy",
            "role": "nit-dev-be-role"
          },
          "sensitive_attributes": [],
          "identity_schema_version": 0,
          "private": "bnVsbA==",
          "dependencies": [
            "aws_iam_policy.parameter_policy",
            "aws_iam_role.be_role"
          ]
        }
      ]
    },
    {
      "mode": "managed",
      "type": "aws_iam_role_policy_attachment",
      "name": "rds_full",
      "provider": "provider[\"registry.terraform.io/hashicorp/aws\"]",
      "instances": [
        {
          "schema_version": 0,
          "attributes": {
            "id": "nit-dev-be-role-20260309100949308800000005",
            "policy_arn": "arn:aws:iam::aws:policy/AmazonRDSDataFullAccess",
            "role": "nit-dev-be-role"
          },
          "sensitive_attributes": [],
          "identity_schema_version": 0,
          "private": "bnVsbA==",
          "dependencies": [
            "aws_iam_role.be_role"
          ]
        }
      ]
    },
    {
      "mode": "managed",
      "type": "aws_iam_role_policy_attachment",
      "name": "s3_full",
      "provider": "provider[\"registry.terraform.io/hashicorp/aws\"]",
      "instances": [
        {
          "schema_version": 0,
          "attributes": {
            "id": "nit-dev-be-role-20260309100949022900000002",
            "policy_arn": "arn:aws:iam::aws:policy/AmazonS3FullAccess",
            "role": "nit-dev-be-role"
          },
          "sensitive_attributes": [],
          "identity_schema_version": 0,
          "private": "bnVsbA==",
          "dependencies": [
            "aws_iam_role.be_role"
          ]
        }
      ]
    },
    {
      "mode": "managed",
      "type": "aws_iam_role_policy_attachment",
      "name": "ssm_core",
      "provider": "provider[\"registry.terraform.io/hashicorp/aws\"]",
      "instances": [
        {
          "schema_version": 0,
          "attributes": {
            "id": "nit-dev-be-role-20260309100949084200000003",
            "policy_arn": "arn:aws:iam::aws:policy/AmazonSSMManagedInstanceCore",
            "role": "nit-dev-be-role"
          },
          "sensitive_attributes": [],
          "identity_schema_version": 0,
          "private": "bnVsbA==",
          "dependencies": [
            "aws_iam_role.be_role"
          ]
        }
      ]
    },
    {
      "mode": "managed",
      "type": "aws_internet_gateway",
      "name": "igw",
      "provider": "provider[\"registry.terraform.io/hashicorp/aws\"]",
      "instances": [
        {
          "schema_version": 0,
          "attributes": {
            "arn": "arn:aws:ec2:ap-south-1:256600409744:internet-gateway/igw-01c4848b711e8be93",
            "id": "igw-01c4848b711e8be93",
            "owner_id": "256600409744",
            "tags": {
              "Environment": "Dev",
              "ManagedBy": "Terraform",
              "Name": "nit-dev-igw",
              "Project": "NIT"
            },
            "tags_all": {
              "Environment": "Dev",
              "ManagedBy": "Terraform",
              "Name": "nit-dev-igw",
              "Project": "NIT"
            },
            "timeouts": null,
            "vpc_id": "vpc-0b771092c6e1aaa8e"
          },
          "sensitive_attributes": [],
          "identity_schema_version": 0,
          "private": "eyJlMmJmYjczMC1lY2FhLTExZTYtOGY4OC0zNDM2M2JjN2M0YzAiOnsiY3JlYXRlIjoxMjAwMDAwMDAwMDAwLCJkZWxldGUiOjEyMDAwMDAwMDAwMDAsInVwZGF0ZSI6MTIwMDAwMDAwMDAwMH19",
          "dependencies": [
            "aws_vpc.nit_vpc"
          ]
        }
      ]
    },
    {
      "mode": "managed",
      "type": "aws_launch_template",
      "name": "be_lt",
      "provider": "provider[\"registry.terraform.io/hashicorp/aws\"]",
      "instances": [
        {
          "schema_version": 0,
          "attributes": {
            "arn": "arn:aws:ec2:ap-south-1:256600409744:launch-template/lt-067ab848a8e203be9",
            "block_device_mappings": [],
            "capacity_reservation_specification": [],
            "cpu_options": [],
            "credit_specification": [],
            "default_version": 1,
            "description": "",
            "disable_api_stop": false,
            "disable_api_termination": false,
            "ebs_optimized": "",
            "elastic_gpu_specifications": [],
            "elastic_inference_accelerator": [],
            "enclave_options": [],
            "hibernation_options": [],
            "iam_instance_profile": [
              {
                "arn": "",
                "name": "nit-dev-be-instance-profile"
              }
            ],
            "id": "lt-067ab848a8e203be9",
            "image_id": "ami-051a31ab2f4d498f5",
            "instance_initiated_shutdown_behavior": "",
            "instance_market_options": [],
            "instance_requirements": [],
            "instance_type": "t3.micro",
            "kernel_id": "",
            "key_name": "akshay1",
            "latest_version": 1,
            "license_specification": [],
            "maintenance_options": [],
            "metadata_options": [],
            "monitoring": [],
            "name": "nit-dev-be-lt",
            "name_prefix": "",
            "network_interfaces": [
              {
                "associate_carrier_ip_address": "",
                "associate_public_ip_address": "false",
                "connection_tracking_specification": [],
                "delete_on_termination": "",
                "description": "",
                "device_index": 0,
                "ena_srd_specification": [],
                "interface_type": "",
                "ipv4_address_count": 0,
                "ipv4_addresses": null,
                "ipv4_prefix_count": 0,
                "ipv4_prefixes": null,
                "ipv6_address_count": 0,
                "ipv6_addresses": null,
                "ipv6_prefix_count": 0,
                "ipv6_prefixes": null,
                "network_card_index": 0,
                "network_interface_id": "",
                "primary_ipv6": "",
                "private_ip_address": "",
                "security_groups": [
                  "sg-0d3c3e3eb041a6231"
                ],
                "subnet_id": ""
              }
            ],
            "placement": [],
            "private_dns_name_options": [],
            "ram_disk_id": "",
            "security_group_names": null,
            "tag_specifications": [
              {
                "resource_type": "instance",
                "tags": {
                  "Name": "nit-dev-be-instance"
                }
              }
            ],
            "tags": {
              "Name": "nit-dev-be-lt"
            },
            "tags_all": {
              "Name": "nit-dev-be-lt"
            },
            "update_default_version": null,
            "user_data": "IyEvYmluL2Jhc2gKZXhlYyA+IC92YXIvbG9nL3VzZXItZGF0YS5sb2cgMj4mMQpzZXQgLXgKCmVjaG8gIkV4ZWN1dGluZyBVc2VyIERhdGEgLSBERVYgRW52aXJvbm1lbnQiCgpSRUdJT049ImFwLXNvdXRoLTEiCgojIC0tLS0tLS0tLS0tLS0tLS0tLS0tLS0tLS0tLS0tLS0tLS0tLS0tLS0tLS0tLS0tLS0tCiMgU3lzdGVtIFVwZGF0ZSAmIEluc3RhbGwgRGVwZW5kZW5jaWVzCiMgLS0tLS0tLS0tLS0tLS0tLS0tLS0tLS0tLS0tLS0tLS0tLS0tLS0tLS0tLS0tLS0tLS0KeXVtIHVwZGF0ZSAteQp5dW0gaW5zdGFsbCAteSBqYXZhLTExLWFtYXpvbi1jb3JyZXR0byBhbWF6b24tY2xvdWR3YXRjaC1hZ2VudAoKIyAtLS0tLS0tLS0tLS0tLS0tLS0tLS0tLS0tLS0tLS0tLS0tLS0tLS0tLS0tLS0tLS0tLQojIENyZWF0ZSBMb2cgRGlyZWN0b3J5CiMgLS0tLS0tLS0tLS0tLS0tLS0tLS0tLS0tLS0tLS0tLS0tLS0tLS0tLS0tLS0tLS0tLS0KbWtkaXIgLXAgL3Zhci9sb2cvYXBwLwpjaG93biBlYzItdXNlcjplYzItdXNlciAvdmFyL2xvZy9hcHAvCgpjZCAvaG9tZS9lYzItdXNlcgoKIyAtLS0tLS0tLS0tLS0tLS0tLS0tLS0tLS0tLS0tLS0tLS0tLS0tLS0tLS0tLS0tLS0tLQojIEZldGNoIFNlY3VyZSBQYXJhbWV0ZXJzIGZyb20gU1NNIFBhcmFtZXRlciBTdG9yZQojIC0tLS0tLS0tLS0tLS0tLS0tLS0tLS0tLS0tLS0tLS0tLS0tLS0tLS0tLS0tLS0tLS0tCmVjaG8gIkZldGNoaW5nIHBhcmFtZXRlcnMgZnJvbSBTU00uLi4iCgpNWVNRTF9IT1NUPSQoYXdzIHNzbSBnZXQtcGFyYW1ldGVyIFwKICAtLW5hbWUgIi9uaXQvZGV2L215c3FsL2hvc3QiIFwKICAtLXJlZ2lvbiAkUkVHSU9OIFwKICAtLXdpdGgtZGVjcnlwdGlvbiBcCiAgLS1xdWVyeSAiUGFyYW1ldGVyLlZhbHVlIiBcCiAgLS1vdXRwdXQgdGV4dCkKCk1ZU1FMX1VTRVJOQU1FPSQoYXdzIHNzbSBnZXQtcGFyYW1ldGVyIFwKICAtLW5hbWUgIi9uaXQvZGV2L215c3FsL3VzZXJuYW1lIiBcCiAgLS1yZWdpb24gJFJFR0lPTiBcCiAgLS13aXRoLWRlY3J5cHRpb24gXAogIC0tcXVlcnkgIlBhcmFtZXRlci5WYWx1ZSIgXAogIC0tb3V0cHV0IHRleHQpCgpNWVNRTF9QQVNTV09SRD0kKGF3cyBzc20gZ2V0LXBhcmFtZXRlciBcCiAgLS1uYW1lICIvbml0L2Rldi9teXNxbC9wYXNzd29yZCIgXAogIC0tcmVnaW9uICRSRUdJT04gXAogIC0td2l0aC1kZWNyeXB0aW9uIFwKICAtLXF1ZXJ5ICJQYXJhbWV0ZXIuVmFsdWUiIFwKICAtLW91dHB1dCB0ZXh0KQoKZWNobyAiUGFyYW1ldGVycyBmZXRjaGVkIHN1Y2Nlc3NmdWxseSIKCiMgLS0tLS0tLS0tLS0tLS0tLS0tLS0tLS0tLS0tLS0tLS0tLS0tLS0tLS0tLS0tLS0tLS0KIyBEb3dubG9hZCBTcHJpbmcgQm9vdCBBcHBsaWNhdGlvbiBmcm9tIFMzCiMgLS0tLS0tLS0tLS0tLS0tLS0tLS0tLS0tLS0tLS0tLS0tLS0tLS0tLS0tLS0tLS0tLS0KYXdzIHMzIGNwIHMzOi8vbml0LWRldi1iZS1hcHAtYnVja2V0L2RhdGFzdG9yZS0wLjAuNy5qYXIgLgoKY2htb2QgNzU1IGRhdGFzdG9yZS0wLjAuNy5qYXIKY2hvd24gZWMyLXVzZXI6ZWMyLXVzZXIgZGF0YXN0b3JlLTAuMC43LmphcgoKIyAtLS0tLS0tLS0tLS0tLS0tLS0tLS0tLS0tLS0tLS0tLS0tLS0tLS0tLS0tLS0tLS0tLQojIFN0YXJ0IFNwcmluZyBCb290IEFwcGxpY2F0aW9uCiMgLS0tLS0tLS0tLS0tLS0tLS0tLS0tLS0tLS0tLS0tLS0tLS0tLS0tLS0tLS0tLS0tLS0KZWNobyAiU3RhcnRpbmcgU3ByaW5nIEJvb3QgYXBwbGljYXRpb24uLi4iCk1ZU1FMX0hPU1Q9amRiYzpteXNxbDovLyRNWVNRTF9IT1NUOjMzMDYvZGF0YXN0b3JlP2NyZWF0ZURhdGFiYXNlSWZOb3RFeGlzdD10cnVlIFwKTVlTUUxfVVNFUk5BTUU9JE1ZU1FMX1VTRVJOQU1FIFwKTVlTUUxfUEFTU1dPUkQ9JE1ZU1FMX1BBU1NXT1JEIFwKTE9HX0ZJTEVfUEFUSD0vdmFyL2xvZy9hcHAvZGF0YXN0b3JlLmxvZyBcCm5vaHVwIGphdmEgLWphciAvaG9tZS9lYzItdXNlci9kYXRhc3RvcmUtMC4wLjcuamFyID4gL3Zhci9sb2cvYXBwL25vaHVwLm91dCAyPiYxICYKCiMgLS0tLS0tLS0tLS0tLS0tLS0tLS0tLS0tLS0tLS0tLS0tLS0tLS0tLS0tLS0tLS0tLS0KIyBDb25maWd1cmUgQ2xvdWRXYXRjaCBBZ2VudAojIC0tLS0tLS0tLS0tLS0tLS0tLS0tLS0tLS0tLS0tLS0tLS0tLS0tLS0tLS0tLS0tLS0tCmNhdCA8PCBFT0YgPiAvb3B0L2F3cy9hbWF6b24tY2xvdWR3YXRjaC1hZ2VudC9ldGMvYW1hem9uLWNsb3Vkd2F0Y2gtYWdlbnQuanNvbgp7CiAgImxvZ3MiOiB7CiAgICAibG9nc19jb2xsZWN0ZWQiOiB7CiAgICAgICJmaWxlcyI6IHsKICAgICAgICAiY29sbGVjdF9saXN0IjogWwogICAgICAgICAgewogICAgICAgICAgICAiZmlsZV9wYXRoIjogIi92YXIvbG9nL2FwcC9kYXRhc3RvcmUubG9nIiwKICAgICAgICAgICAgImxvZ19ncm91cF9uYW1lIjogIi9uaXQvYXBwIiwKICAgICAgICAgICAgImxvZ19zdHJlYW1fbmFtZSI6ICJ7aW5zdGFuY2VfaWR9IiwKICAgICAgICAgICAgInRpbWVzdGFtcF9mb3JtYXQiOiAiJVktJW0tJWQgJUg6JU06JVMiCiAgICAgICAgICB9CiAgICAgICAgXQogICAgICB9CiAgICB9CiAgfQp9CkVPRgoKIyAtLS0tLS0tLS0tLS0tLS0tLS0tLS0tLS0tLS0tLS0tLS0tLS0tLS0tLS0tLS0tLS0tLQojIFN0YXJ0IENsb3VkV2F0Y2ggQWdlbnQKIyAtLS0tLS0tLS0tLS0tLS0tLS0tLS0tLS0tLS0tLS0tLS0tLS0tLS0tLS0tLS0tLS0tLQovb3B0L2F3cy9hbWF6b24tY2xvdWR3YXRjaC1hZ2VudC9iaW4vYW1hem9uLWNsb3Vkd2F0Y2gtYWdlbnQtY3RsIFwKICAtYSBmZXRjaC1jb25maWcgLW0gZWMyIFwKICAtYyBmaWxlOi9vcHQvYXdzL2FtYXpvbi1jbG91ZHdhdGNoLWFnZW50L2V0Yy9hbWF6b24tY2xvdWR3YXRjaC1hZ2VudC5qc29uIC1zCgplY2hvICJVc2VyIGRhdGEgZXhlY3V0aW9uIGNvbXBsZXRlZCBzdWNjZXNzZnVsbHki",
            "vpc_security_group_ids": null
          },
          "sensitive_attributes": [],
          "identity_schema_version": 0,
          "private": "bnVsbA==",
          "dependencies": [
            "aws_iam_instance_profile.be_profile",
            "aws_iam_role.be_role",
            "aws_security_group.be_sg",
            "aws_subnet.private_1",
            "aws_subnet.private_2",
            "aws_vpc.nit_vpc",
            "data.aws_availability_zones.azs"
          ]
        }
      ]
    },
    {
      "mode": "managed",
      "type": "aws_launch_template",
      "name": "frontend_lt",
      "provider": "provider[\"registry.terraform.io/hashicorp/aws\"]",
      "instances": [
        {
          "schema_version": 0,
          "attributes": {
            "arn": "arn:aws:ec2:ap-south-1:256600409744:launch-template/lt-0889031df14f0cee6",
            "block_device_mappings": [],
            "capacity_reservation_specification": [],
            "cpu_options": [],
            "credit_specification": [],
            "default_version": 1,
            "description": "",
            "disable_api_stop": false,
            "disable_api_termination": false,
            "ebs_optimized": "",
            "elastic_gpu_specifications": [],
            "elastic_inference_accelerator": [],
            "enclave_options": [],
            "hibernation_options": [],
            "iam_instance_profile": [
              {
                "arn": "",
                "name": "nit-dev-fe-instance-profile"
              }
            ],
            "id": "lt-0889031df14f0cee6",
            "image_id": "ami-051a31ab2f4d498f5",
            "instance_initiated_shutdown_behavior": "",
            "instance_market_options": [],
            "instance_requirements": [],
            "instance_type": "t3.micro",
            "kernel_id": "",
            "key_name": "akshay1",
            "latest_version": 1,
            "license_specification": [],
            "maintenance_options": [],
            "metadata_options": [],
            "monitoring": [],
            "name": "nit-dev-fe-lt",
            "name_prefix": "",
            "network_interfaces": [
              {
                "associate_carrier_ip_address": "",
                "associate_public_ip_address": "false",
                "connection_tracking_specification": [],
                "delete_on_termination": "",
                "description": "",
                "device_index": 0,
                "ena_srd_specification": [],
                "interface_type": "",
                "ipv4_address_count": 0,
                "ipv4_addresses": [],
                "ipv4_prefix_count": 0,
                "ipv4_prefixes": [],
                "ipv6_address_count": 0,
                "ipv6_addresses": [],
                "ipv6_prefix_count": 0,
                "ipv6_prefixes": [],
                "network_card_index": 0,
                "network_interface_id": "",
                "primary_ipv6": "",
                "private_ip_address": "",
                "security_groups": [
                  "sg-020da01d04ada56d5"
                ],
                "subnet_id": ""
              }
            ],
            "placement": [],
            "private_dns_name_options": [],
            "ram_disk_id": "",
            "security_group_names": [],
            "tag_specifications": [
              {
                "resource_type": "instance",
                "tags": {
                  "Name": "nit-dev-fe-instance"
                }
              }
            ],
            "tags": {
              "Name": "nit-dev-fe-lt"
            },
            "tags_all": {
              "Name": "nit-dev-fe-lt"
            },
            "update_default_version": null,
            "user_data": "IyEvYmluL2Jhc2gKZXhlYyA+IC92YXIvbG9nL3VzZXItZGF0YS5sb2cgMj4mMQpzZXQgLXgKCmVjaG8gIkV4ZWN1dGluZyBVc2VyX0RhdGEgSW4gZGV2IgoKIyBVcGRhdGUgYW5kIGluc3RhbGwgSmF2YQpzdWRvIGRuZiB1cGRhdGUgLXkKIyBJbnN0YWxsaW5nIFB5dGhvbgoKc3VkbyBkbmYgaW5zdGFsbCAteSBweXRob24zLXBpcCBhd3NjbGkKCiMgQ3JlYXRpbmcgVmlydHVhbCBFbnZpcm9ubWVudApjZCAvcm9vdApweXRob24zIC1tIHZlbnYgL3Jvb3QvdmVudgpzb3VyY2UgL3Jvb3QvdmVudi9iaW4vYWN0aXZhdGUKcGlwIGluc3RhbGwgLS11cGdyYWRlIHBpcApwaXAgaW5zdGFsbCBzdHJlYW1saXQgcmVxdWVzdHMKCmF3cyBzMyBjcCBzMzovL25pdC1kZXYtZmUtYnVja2V0L2FwcC5weSAvcm9vdC8KCmNhdCA8PCBFT0YgPiAvZXRjL3N5c3RlbWQvc3lzdGVtL2Zyb250ZW5kLnNlcnZpY2UKW1VuaXRdCkRlc2NyaXB0aW9uPVN0cmVhbWxpdCBGcm9udGVuZCBBcHAKQWZ0ZXI9bmV0d29yay50YXJnZXQKCltTZXJ2aWNlXQpVc2VyPXJvb3QKV29ya2luZ0RpcmVjdG9yeT0vcm9vdApFeGVjU3RhcnQ9L3Jvb3QvdmVudi9iaW4vc3RyZWFtbGl0IHJ1biBhcHAucHkgLS1zZXJ2ZXIucG9ydD04NTAxIC0tc2VydmVyLmFkZHJlc3M9MC4wLjAuMApFbnZpcm9ubWVudD1BUElfVVJMPWh0dHA6Ly9uaXQtZGV2LW5sYi0wMzRjOTUxMzdjZjY2OWJkLmVsYi5hcC1zb3V0aC0xLmFtYXpvbmF3cy5jb20KUmVzdGFydD1hbHdheXMKCltJbnN0YWxsXQpXYW50ZWRCeT1tdWx0aS11c2VyLnRhcmdldApFT0YKCnN5c3RlbWN0bCBkYWVtb24tcmVsb2FkCnN5c3RlbWN0bCBlbmFibGUgZnJvbnRlbmQKc3lzdGVtY3RsIHN0YXJ0IGZyb250ZW5k",
            "vpc_security_group_ids": []
          },
          "sensitive_attributes": [],
          "identity_schema_version": 0,
          "private": "bnVsbA==",
          "dependencies": [
            "aws_iam_instance_profile.frontend_profile",
            "aws_iam_role.frontend_role",
            "aws_lb.nlb",
            "aws_s3_bucket.frontend_bucket",
            "aws_s3_object.frontend_app",
            "aws_security_group.alb_sg",
            "aws_security_group.fe_sg",
            "aws_subnet.private_1",
            "aws_subnet.private_2",
            "aws_vpc.nit_vpc",
            "data.aws_availability_zones.azs"
          ]
        }
      ]
    },
    {
      "mode": "managed",
      "type": "aws_lb",
      "name": "frontend_alb",
      "provider": "provider[\"registry.terraform.io/hashicorp/aws\"]",
      "instances": [
        {
          "schema_version": 0,
          "attributes": {
            "access_logs": [
              {
                "bucket": "",
                "enabled": false,
                "prefix": ""
              }
            ],
            "arn": "arn:aws:elasticloadbalancing:ap-south-1:256600409744:loadbalancer/app/nit-dev-fe-alb/0c08a72c0dea277c",
            "arn_suffix": "app/nit-dev-fe-alb/0c08a72c0dea277c",
            "client_keep_alive": 3600,
            "connection_logs": [
              {
                "bucket": "",
                "enabled": false,
                "prefix": ""
              }
            ],
            "customer_owned_ipv4_pool": "",
            "desync_mitigation_mode": "defensive",
            "dns_name": "nit-dev-fe-alb-1470403540.ap-south-1.elb.amazonaws.com",
            "dns_record_client_routing_policy": null,
            "drop_invalid_header_fields": false,
            "enable_cross_zone_load_balancing": true,
            "enable_deletion_protection": false,
            "enable_http2": true,
            "enable_tls_version_and_cipher_suite_headers": false,
            "enable_waf_fail_open": false,
            "enable_xff_client_port": false,
            "enable_zonal_shift": false,
            "enforce_security_group_inbound_rules_on_private_link_traffic": "",
            "id": "arn:aws:elasticloadbalancing:ap-south-1:256600409744:loadbalancer/app/nit-dev-fe-alb/0c08a72c0dea277c",
            "idle_timeout": 60,
            "internal": false,
            "ip_address_type": "ipv4",
            "ipam_pools": [],
            "load_balancer_type": "application",
            "minimum_load_balancer_capacity": [],
            "name": "nit-dev-fe-alb",
            "name_prefix": "",
            "preserve_host_header": false,
            "security_groups": [
              "sg-0a308507ab6659594"
            ],
            "subnet_mapping": [
              {
                "allocation_id": "",
                "ipv6_address": "",
                "outpost_id": "",
                "private_ipv4_address": "",
                "subnet_id": "subnet-06fd4412b8f3a0f5b"
              },
              {
                "allocation_id": "",
                "ipv6_address": "",
                "outpost_id": "",
                "private_ipv4_address": "",
                "subnet_id": "subnet-0dad17888ad714146"
              }
            ],
            "subnets": [
              "subnet-06fd4412b8f3a0f5b",
              "subnet-0dad17888ad714146"
            ],
            "tags": {
              "Name": "nit-dev-fe-alb"
            },
            "tags_all": {
              "Name": "nit-dev-fe-alb"
            },
            "timeouts": null,
            "vpc_id": "vpc-0b771092c6e1aaa8e",
            "xff_header_processing_mode": "append",
            "zone_id": "ZP97RAFLXTNZK"
          },
          "sensitive_attributes": [],
          "identity_schema_version": 0,
          "private": "eyJlMmJmYjczMC1lY2FhLTExZTYtOGY4OC0zNDM2M2JjN2M0YzAiOnsiY3JlYXRlIjo2MDAwMDAwMDAwMDAsImRlbGV0ZSI6NjAwMDAwMDAwMDAwLCJ1cGRhdGUiOjYwMDAwMDAwMDAwMH19",
          "dependencies": [
            "aws_security_group.alb_sg",
            "aws_subnet.public_1",
            "aws_subnet.public_2",
            "aws_vpc.nit_vpc",
            "data.aws_availability_zones.azs"
          ]
        }
      ]
    },
    {
      "mode": "managed",
      "type": "aws_lb",
      "name": "nlb",
      "provider": "provider[\"registry.terraform.io/hashicorp/aws\"]",
      "instances": [
        {
          "schema_version": 0,
          "attributes": {
            "access_logs": [
              {
                "bucket": "",
                "enabled": false,
                "prefix": ""
              }
            ],
            "arn": "arn:aws:elasticloadbalancing:ap-south-1:256600409744:loadbalancer/net/nit-dev-nlb/034c95137cf669bd",
            "arn_suffix": "net/nit-dev-nlb/034c95137cf669bd",
            "client_keep_alive": null,
            "connection_logs": [],
            "customer_owned_ipv4_pool": "",
            "desync_mitigation_mode": null,
            "dns_name": "nit-dev-nlb-034c95137cf669bd.elb.ap-south-1.amazonaws.com",
            "dns_record_client_routing_policy": "any_availability_zone",
            "drop_invalid_header_fields": null,
            "enable_cross_zone_load_balancing": false,
            "enable_deletion_protection": false,
            "enable_http2": null,
            "enable_tls_version_and_cipher_suite_headers": null,
            "enable_waf_fail_open": null,
            "enable_xff_client_port": null,
            "enable_zonal_shift": false,
            "enforce_security_group_inbound_rules_on_private_link_traffic": "",
            "id": "arn:aws:elasticloadbalancing:ap-south-1:256600409744:loadbalancer/net/nit-dev-nlb/034c95137cf669bd",
            "idle_timeout": null,
            "internal": true,
            "ip_address_type": "ipv4",
            "ipam_pools": [],
            "load_balancer_type": "network",
            "minimum_load_balancer_capacity": [],
            "name": "nit-dev-nlb",
            "name_prefix": "",
            "preserve_host_header": null,
            "security_groups": [],
            "subnet_mapping": [
              {
                "allocation_id": "",
                "ipv6_address": "",
                "outpost_id": "",
                "private_ipv4_address": "",
                "subnet_id": "subnet-06d99f755d11770a6"
              },
              {
                "allocation_id": "",
                "ipv6_address": "",
                "outpost_id": "",
                "private_ipv4_address": "",
                "subnet_id": "subnet-0840e04960c3ba890"
              }
            ],
            "subnets": [
              "subnet-06d99f755d11770a6",
              "subnet-0840e04960c3ba890"
            ],
            "tags": {
              "Name": "nit-dev-nlb"
            },
            "tags_all": {
              "Name": "nit-dev-nlb"
            },
            "timeouts": null,
            "vpc_id": "vpc-0b771092c6e1aaa8e",
            "xff_header_processing_mode": null,
            "zone_id": "ZVDDRBQ08TROA"
          },
          "sensitive_attributes": [],
          "identity_schema_version": 0,
          "private": "eyJlMmJmYjczMC1lY2FhLTExZTYtOGY4OC0zNDM2M2JjN2M0YzAiOnsiY3JlYXRlIjo2MDAwMDAwMDAwMDAsImRlbGV0ZSI6NjAwMDAwMDAwMDAwLCJ1cGRhdGUiOjYwMDAwMDAwMDAwMH19",
          "dependencies": [
            "aws_subnet.private_1",
            "aws_subnet.private_2",
            "aws_vpc.nit_vpc",
            "data.aws_availability_zones.azs"
          ]
        }
      ]
    },
    {
      "mode": "managed",
      "type": "aws_lb_listener",
      "name": "alb_listener",
      "provider": "provider[\"registry.terraform.io/hashicorp/aws\"]",
      "instances": [
        {
          "schema_version": 0,
          "attributes": {
            "alpn_policy": null,
            "arn": "arn:aws:elasticloadbalancing:ap-south-1:256600409744:listener/app/nit-dev-fe-alb/0c08a72c0dea277c/09bb5c4063f18adf",
            "certificate_arn": null,
            "default_action": [
              {
                "authenticate_cognito": [],
                "authenticate_oidc": [],
                "fixed_response": [],
                "forward": [],
                "order": 1,
                "redirect": [],
                "target_group_arn": "arn:aws:elasticloadbalancing:ap-south-1:256600409744:targetgroup/nit-dev-fe-tg/cab7404a7d387475",
                "type": "forward"
              }
            ],
            "id": "arn:aws:elasticloadbalancing:ap-south-1:256600409744:listener/app/nit-dev-fe-alb/0c08a72c0dea277c/09bb5c4063f18adf",
            "load_balancer_arn": "arn:aws:elasticloadbalancing:ap-south-1:256600409744:loadbalancer/app/nit-dev-fe-alb/0c08a72c0dea277c",
            "mutual_authentication": [],
            "port": 80,
            "protocol": "HTTP",
            "routing_http_request_x_amzn_mtls_clientcert_header_name": null,
            "routing_http_request_x_amzn_mtls_clientcert_issuer_header_name": null,
            "routing_http_request_x_amzn_mtls_clientcert_leaf_header_name": null,
            "routing_http_request_x_amzn_mtls_clientcert_serial_number_header_name": null,
            "routing_http_request_x_amzn_mtls_clientcert_subject_header_name": null,
            "routing_http_request_x_amzn_mtls_clientcert_validity_header_name": null,
            "routing_http_request_x_amzn_tls_cipher_suite_header_name": null,
            "routing_http_request_x_amzn_tls_version_header_name": null,
            "routing_http_response_access_control_allow_credentials_header_value": "",
            "routing_http_response_access_control_allow_headers_header_value": "",
            "routing_http_response_access_control_allow_methods_header_value": "",
            "routing_http_response_access_control_allow_origin_header_value": "",
            "routing_http_response_access_control_expose_headers_header_value": "",
            "routing_http_response_access_control_max_age_header_value": "",
            "routing_http_response_content_security_policy_header_value": "",
            "routing_http_response_server_enabled": true,
            "routing_http_response_strict_transport_security_header_value": "",
            "routing_http_response_x_content_type_options_header_value": "",
            "routing_http_response_x_frame_options_header_value": "",
            "ssl_policy": "",
            "tags": {},
            "tags_all": {},
            "tcp_idle_timeout_seconds": null,
            "timeouts": null
          },
          "sensitive_attributes": [],
          "identity_schema_version": 0,
          "private": "eyJlMmJmYjczMC1lY2FhLTExZTYtOGY4OC0zNDM2M2JjN2M0YzAiOnsiY3JlYXRlIjozMDAwMDAwMDAwMDAsInVwZGF0ZSI6MzAwMDAwMDAwMDAwfX0=",
          "dependencies": [
            "aws_lb.frontend_alb",
            "aws_lb_target_group.fe_tg",
            "aws_security_group.alb_sg",
            "aws_subnet.public_1",
            "aws_subnet.public_2",
            "aws_vpc.nit_vpc",
            "data.aws_availability_zones.azs"
          ]
        }
      ]
    },
    {
      "mode": "managed",
      "type": "aws_lb_listener",
      "name": "nlb_listener",
      "provider": "provider[\"registry.terraform.io/hashicorp/aws\"]",
      "instances": [
        {
          "schema_version": 0,
          "attributes": {
            "alpn_policy": null,
            "arn": "arn:aws:elasticloadbalancing:ap-south-1:256600409744:listener/net/nit-dev-nlb/034c95137cf669bd/0340a08e61c27fbe",
            "certificate_arn": null,
            "default_action": [
              {
                "authenticate_cognito": [],
                "authenticate_oidc": [],
                "fixed_response": [],
                "forward": [],
                "order": 1,
                "redirect": [],
                "target_group_arn": "arn:aws:elasticloadbalancing:ap-south-1:256600409744:targetgroup/nit-dev-be-tg/f2cb538493274772",
                "type": "forward"
              }
            ],
            "id": "arn:aws:elasticloadbalancing:ap-south-1:256600409744:listener/net/nit-dev-nlb/034c95137cf669bd/0340a08e61c27fbe",
            "load_balancer_arn": "arn:aws:elasticloadbalancing:ap-south-1:256600409744:loadbalancer/net/nit-dev-nlb/034c95137cf669bd",
            "mutual_authentication": [],
            "port": 80,
            "protocol": "TCP",
            "routing_http_request_x_amzn_mtls_clientcert_header_name": null,
            "routing_http_request_x_amzn_mtls_clientcert_issuer_header_name": null,
            "routing_http_request_x_amzn_mtls_clientcert_leaf_header_name": null,
            "routing_http_request_x_amzn_mtls_clientcert_serial_number_header_name": null,
            "routing_http_request_x_amzn_mtls_clientcert_subject_header_name": null,
            "routing_http_request_x_amzn_mtls_clientcert_validity_header_name": null,
            "routing_http_request_x_amzn_tls_cipher_suite_header_name": null,
            "routing_http_request_x_amzn_tls_version_header_name": null,
            "routing_http_response_access_control_allow_credentials_header_value": null,
            "routing_http_response_access_control_allow_headers_header_value": null,
            "routing_http_response_access_control_allow_methods_header_value": null,
            "routing_http_response_access_control_allow_origin_header_value": null,
            "routing_http_response_access_control_expose_headers_header_value": null,
            "routing_http_response_access_control_max_age_header_value": null,
            "routing_http_response_content_security_policy_header_value": null,
            "routing_http_response_server_enabled": null,
            "routing_http_response_strict_transport_security_header_value": null,
            "routing_http_response_x_content_type_options_header_value": null,
            "routing_http_response_x_frame_options_header_value": null,
            "ssl_policy": "",
            "tags": {},
            "tags_all": {},
            "tcp_idle_timeout_seconds": 350,
            "timeouts": null
          },
          "sensitive_attributes": [],
          "identity_schema_version": 0,
          "private": "eyJlMmJmYjczMC1lY2FhLTExZTYtOGY4OC0zNDM2M2JjN2M0YzAiOnsiY3JlYXRlIjozMDAwMDAwMDAwMDAsInVwZGF0ZSI6MzAwMDAwMDAwMDAwfX0=",
          "dependencies": [
            "aws_lb.nlb",
            "aws_lb_target_group.be_tg",
            "aws_subnet.private_1",
            "aws_subnet.private_2",
            "aws_vpc.nit_vpc",
            "data.aws_availability_zones.azs"
          ]
        }
      ]
    },
    {
      "mode": "managed",
      "type": "aws_lb_target_group",
      "name": "be_tg",
      "provider": "provider[\"registry.terraform.io/hashicorp/aws\"]",
      "instances": [
        {
          "schema_version": 0,
          "attributes": {
            "arn": "arn:aws:elasticloadbalancing:ap-south-1:256600409744:targetgroup/nit-dev-be-tg/f2cb538493274772",
            "arn_suffix": "targetgroup/nit-dev-be-tg/f2cb538493274772",
            "connection_termination": false,
            "deregistration_delay": "300",
            "health_check": [
              {
                "enabled": true,
                "healthy_threshold": 3,
                "interval": 30,
                "matcher": "",
                "path": "",
                "port": "8084",
                "protocol": "TCP",
                "timeout": 10,
                "unhealthy_threshold": 3
              }
            ],
            "id": "arn:aws:elasticloadbalancing:ap-south-1:256600409744:targetgroup/nit-dev-be-tg/f2cb538493274772",
            "ip_address_type": "ipv4",
            "lambda_multi_value_headers_enabled": false,
            "load_balancer_arns": [
              "arn:aws:elasticloadbalancing:ap-south-1:256600409744:loadbalancer/net/nit-dev-nlb/034c95137cf669bd"
            ],
            "load_balancing_algorithm_type": null,
            "load_balancing_anomaly_mitigation": null,
            "load_balancing_cross_zone_enabled": "use_load_balancer_configuration",
            "name": "nit-dev-be-tg",
            "name_prefix": "",
            "port": 8084,
            "preserve_client_ip": "true",
            "protocol": "TCP",
            "protocol_version": null,
            "proxy_protocol_v2": false,
            "slow_start": 0,
            "stickiness": [
              {
                "cookie_duration": 0,
                "cookie_name": "",
                "enabled": false,
                "type": "source_ip"
              }
            ],
            "tags": {},
            "tags_all": {},
            "target_failover": [
              {
                "on_deregistration": null,
                "on_unhealthy": null
              }
            ],
            "target_group_health": [
              {
                "dns_failover": [
                  {
                    "minimum_healthy_targets_count": "1",
                    "minimum_healthy_targets_percentage": "off"
                  }
                ],
                "unhealthy_state_routing": [
                  {
                    "minimum_healthy_targets_count": 1,
                    "minimum_healthy_targets_percentage": "off"
                  }
                ]
              }
            ],
            "target_health_state": [
              {
                "enable_unhealthy_connection_termination": true,
                "unhealthy_draining_interval": 0
              }
            ],
            "target_type": "instance",
            "vpc_id": "vpc-0b771092c6e1aaa8e"
          },
          "sensitive_attributes": [],
          "identity_schema_version": 0,
          "private": "bnVsbA==",
          "dependencies": [
            "aws_vpc.nit_vpc"
          ]
        }
      ]
    },
    {
      "mode": "managed",
      "type": "aws_lb_target_group",
      "name": "fe_tg",
      "provider": "provider[\"registry.terraform.io/hashicorp/aws\"]",
      "instances": [
        {
          "schema_version": 0,
          "attributes": {
            "arn": "arn:aws:elasticloadbalancing:ap-south-1:256600409744:targetgroup/nit-dev-fe-tg/cab7404a7d387475",
            "arn_suffix": "targetgroup/nit-dev-fe-tg/cab7404a7d387475",
            "connection_termination": null,
            "deregistration_delay": "300",
            "health_check": [
              {
                "enabled": true,
                "healthy_threshold": 3,
                "interval": 30,
                "matcher": "200",
                "path": "/",
                "port": "8501",
                "protocol": "HTTP",
                "timeout": 5,
                "unhealthy_threshold": 3
              }
            ],
            "id": "arn:aws:elasticloadbalancing:ap-south-1:256600409744:targetgroup/nit-dev-fe-tg/cab7404a7d387475",
            "ip_address_type": "ipv4",
            "lambda_multi_value_headers_enabled": false,
            "load_balancer_arns": [
              "arn:aws:elasticloadbalancing:ap-south-1:256600409744:loadbalancer/app/nit-dev-fe-alb/0c08a72c0dea277c"
            ],
            "load_balancing_algorithm_type": "round_robin",
            "load_balancing_anomaly_mitigation": "off",
            "load_balancing_cross_zone_enabled": "use_load_balancer_configuration",
            "name": "nit-dev-fe-tg",
            "name_prefix": "",
            "port": 8501,
            "preserve_client_ip": null,
            "protocol": "HTTP",
            "protocol_version": "HTTP1",
            "proxy_protocol_v2": false,
            "slow_start": 0,
            "stickiness": [
              {
                "cookie_duration": 86400,
                "cookie_name": "",
                "enabled": false,
                "type": "lb_cookie"
              }
            ],
            "tags": {
              "Name": "nit-dev-fe-tg"
            },
            "tags_all": {
              "Name": "nit-dev-fe-tg"
            },
            "target_failover": [
              {
                "on_deregistration": null,
                "on_unhealthy": null
              }
            ],
            "target_group_health": [
              {
                "dns_failover": [
                  {
                    "minimum_healthy_targets_count": "1",
                    "minimum_healthy_targets_percentage": "off"
                  }
                ],
                "unhealthy_state_routing": [
                  {
                    "minimum_healthy_targets_count": 1,
                    "minimum_healthy_targets_percentage": "off"
                  }
                ]
              }
            ],
            "target_health_state": [
              {
                "enable_unhealthy_connection_termination": null,
                "unhealthy_draining_interval": null
              }
            ],
            "target_type": "instance",
            "vpc_id": "vpc-0b771092c6e1aaa8e"
          },
          "sensitive_attributes": [],
          "identity_schema_version": 0,
          "private": "bnVsbA==",
          "dependencies": [
            "aws_vpc.nit_vpc"
          ]
        }
      ]
    },
    {
      "mode": "managed",
      "type": "aws_nat_gateway",
      "name": "nat",
      "provider": "provider[\"registry.terraform.io/hashicorp/aws\"]",
      "instances": [
        {
          "schema_version": 0,
          "attributes": {
            "allocation_id": "eipalloc-02e1f1960dbed94c1",
            "association_id": "eipassoc-03a5244fdad152d26",
            "connectivity_type": "public",
            "id": "nat-039ca052905c384f2",
            "network_interface_id": "eni-0a97363b199bac8be",
            "private_ip": "172.20.1.45",
            "public_ip": "13.206.58.161",
            "secondary_allocation_ids": [],
            "secondary_private_ip_address_count": 0,
            "secondary_private_ip_addresses": [],
            "subnet_id": "subnet-0dad17888ad714146",
            "tags": {
              "Environment": "Dev",
              "ManagedBy": "Terraform",
              "Name": "nit-dev-nat-gw",
              "Project": "NIT"
            },
            "tags_all": {
              "Environment": "Dev",
              "ManagedBy": "Terraform",
              "Name": "nit-dev-nat-gw",
              "Project": "NIT"
            },
            "timeouts": null
          },
          "sensitive_attributes": [],
          "identity_schema_version": 0,
          "private": "eyJlMmJmYjczMC1lY2FhLTExZTYtOGY4OC0zNDM2M2JjN2M0YzAiOnsiY3JlYXRlIjo2MDAwMDAwMDAwMDAsImRlbGV0ZSI6MTgwMDAwMDAwMDAwMCwidXBkYXRlIjo2MDAwMDAwMDAwMDB9fQ==",
          "dependencies": [
            "aws_eip.nat_eip",
            "aws_subnet.public_1",
            "aws_vpc.nit_vpc",
            "data.aws_availability_zones.azs"
          ]
        }
      ]
    },
    {
      "mode": "managed",
      "type": "aws_route_table",
      "name": "private_rt",
      "provider": "provider[\"registry.terraform.io/hashicorp/aws\"]",
      "instances": [
        {
          "schema_version": 0,
          "attributes": {
            "arn": "arn:aws:ec2:ap-south-1:256600409744:route-table/rtb-0b0122ccd0d38f977",
            "id": "rtb-0b0122ccd0d38f977",
            "owner_id": "256600409744",
            "propagating_vgws": [],
            "route": [
              {
                "carrier_gateway_id": "",
                "cidr_block": "0.0.0.0/0",
                "core_network_arn": "",
                "destination_prefix_list_id": "",
                "egress_only_gateway_id": "",
                "gateway_id": "",
                "ipv6_cidr_block": "",
                "local_gateway_id": "",
                "nat_gateway_id": "nat-039ca052905c384f2",
                "network_interface_id": "",
                "transit_gateway_id": "",
                "vpc_endpoint_id": "",
                "vpc_peering_connection_id": ""
              }
            ],
            "tags": {
              "Name": "nit-dev-private-rt"
            },
            "tags_all": {
              "Name": "nit-dev-private-rt"
            },
            "timeouts": null,
            "vpc_id": "vpc-0b771092c6e1aaa8e"
          },
          "sensitive_attributes": [],
          "identity_schema_version": 0,
          "private": "eyJlMmJmYjczMC1lY2FhLTExZTYtOGY4OC0zNDM2M2JjN2M0YzAiOnsiY3JlYXRlIjozMDAwMDAwMDAwMDAsImRlbGV0ZSI6MzAwMDAwMDAwMDAwLCJ1cGRhdGUiOjEyMDAwMDAwMDAwMH19",
          "dependencies": [
            "aws_eip.nat_eip",
            "aws_nat_gateway.nat",
            "aws_subnet.public_1",
            "aws_vpc.nit_vpc",
            "data.aws_availability_zones.azs"
          ]
        }
      ]
    },
    {
      "mode": "managed",
      "type": "aws_route_table",
      "name": "public_rt",
      "provider": "provider[\"registry.terraform.io/hashicorp/aws\"]",
      "instances": [
        {
          "schema_version": 0,
          "attributes": {
            "arn": "arn:aws:ec2:ap-south-1:256600409744:route-table/rtb-0efa0f2384ade43bb",
            "id": "rtb-0efa0f2384ade43bb",
            "owner_id": "256600409744",
            "propagating_vgws": [],
            "route": [
              {
                "carrier_gateway_id": "",
                "cidr_block": "0.0.0.0/0",
                "core_network_arn": "",
                "destination_prefix_list_id": "",
                "egress_only_gateway_id": "",
                "gateway_id": "igw-01c4848b711e8be93",
                "ipv6_cidr_block": "",
                "local_gateway_id": "",
                "nat_gateway_id": "",
                "network_interface_id": "",
                "transit_gateway_id": "",
                "vpc_endpoint_id": "",
                "vpc_peering_connection_id": ""
              }
            ],
            "tags": {
              "Name": "nit-dev-public-rt"
            },
            "tags_all": {
              "Name": "nit-dev-public-rt"
            },
            "timeouts": null,
            "vpc_id": "vpc-0b771092c6e1aaa8e"
          },
          "sensitive_attributes": [],
          "identity_schema_version": 0,
          "private": "eyJlMmJmYjczMC1lY2FhLTExZTYtOGY4OC0zNDM2M2JjN2M0YzAiOnsiY3JlYXRlIjozMDAwMDAwMDAwMDAsImRlbGV0ZSI6MzAwMDAwMDAwMDAwLCJ1cGRhdGUiOjEyMDAwMDAwMDAwMH19",
          "dependencies": [
            "aws_internet_gateway.igw",
            "aws_vpc.nit_vpc"
          ]
        }
      ]
    },
    {
      "mode": "managed",
      "type": "aws_route_table_association",
      "name": "private1",
      "provider": "provider[\"registry.terraform.io/hashicorp/aws\"]",
      "instances": [
        {
          "schema_version": 0,
          "attributes": {
            "gateway_id": "",
            "id": "rtbassoc-03f27e5f547207dbc",
            "route_table_id": "rtb-0b0122ccd0d38f977",
            "subnet_id": "subnet-0840e04960c3ba890",
            "timeouts": null
          },
          "sensitive_attributes": [],
          "identity_schema_version": 0,
          "private": "eyJlMmJmYjczMC1lY2FhLTExZTYtOGY4OC0zNDM2M2JjN2M0YzAiOnsiY3JlYXRlIjozMDAwMDAwMDAwMDAsImRlbGV0ZSI6MzAwMDAwMDAwMDAwLCJ1cGRhdGUiOjEyMDAwMDAwMDAwMH19",
          "dependencies": [
            "aws_eip.nat_eip",
            "aws_nat_gateway.nat",
            "aws_route_table.private_rt",
            "aws_subnet.private_1",
            "aws_subnet.public_1",
            "aws_vpc.nit_vpc",
            "data.aws_availability_zones.azs"
          ]
        }
      ]
    },
    {
      "mode": "managed",
      "type": "aws_route_table_association",
      "name": "private2",
      "provider": "provider[\"registry.terraform.io/hashicorp/aws\"]",
      "instances": [
        {
          "schema_version": 0,
          "attributes": {
            "gateway_id": "",
            "id": "rtbassoc-0b2687810c91ceeed",
            "route_table_id": "rtb-0b0122ccd0d38f977",
            "subnet_id": "subnet-06d99f755d11770a6",
            "timeouts": null
          },
          "sensitive_attributes": [],
          "identity_schema_version": 0,
          "private": "eyJlMmJmYjczMC1lY2FhLTExZTYtOGY4OC0zNDM2M2JjN2M0YzAiOnsiY3JlYXRlIjozMDAwMDAwMDAwMDAsImRlbGV0ZSI6MzAwMDAwMDAwMDAwLCJ1cGRhdGUiOjEyMDAwMDAwMDAwMH19",
          "dependencies": [
            "aws_eip.nat_eip",
            "aws_nat_gateway.nat",
            "aws_route_table.private_rt",
            "aws_subnet.private_2",
            "aws_subnet.public_1",
            "aws_vpc.nit_vpc",
            "data.aws_availability_zones.azs"
          ]
        }
      ]
    },
    {
      "mode": "managed",
      "type": "aws_route_table_association",
      "name": "public1",
      "provider": "provider[\"registry.terraform.io/hashicorp/aws\"]",
      "instances": [
        {
          "schema_version": 0,
          "attributes": {
            "gateway_id": "",
            "id": "rtbassoc-0ef3ede81401ac931",
            "route_table_id": "rtb-0efa0f2384ade43bb",
            "subnet_id": "subnet-0dad17888ad714146",
            "timeouts": null
          },
          "sensitive_attributes": [],
          "identity_schema_version": 0,
          "private": "eyJlMmJmYjczMC1lY2FhLTExZTYtOGY4OC0zNDM2M2JjN2M0YzAiOnsiY3JlYXRlIjozMDAwMDAwMDAwMDAsImRlbGV0ZSI6MzAwMDAwMDAwMDAwLCJ1cGRhdGUiOjEyMDAwMDAwMDAwMH19",
          "dependencies": [
            "aws_internet_gateway.igw",
            "aws_route_table.public_rt",
            "aws_subnet.public_1",
            "aws_vpc.nit_vpc",
            "data.aws_availability_zones.azs"
          ]
        }
      ]
    },
    {
      "mode": "managed",
      "type": "aws_route_table_association",
      "name": "public2",
      "provider": "provider[\"registry.terraform.io/hashicorp/aws\"]",
      "instances": [
        {
          "schema_version": 0,
          "attributes": {
            "gateway_id": "",
            "id": "rtbassoc-05f33aac3beeda92c",
            "route_table_id": "rtb-0efa0f2384ade43bb",
            "subnet_id": "subnet-06fd4412b8f3a0f5b",
            "timeouts": null
          },
          "sensitive_attributes": [],
          "identity_schema_version": 0,
          "private": "eyJlMmJmYjczMC1lY2FhLTExZTYtOGY4OC0zNDM2M2JjN2M0YzAiOnsiY3JlYXRlIjozMDAwMDAwMDAwMDAsImRlbGV0ZSI6MzAwMDAwMDAwMDAwLCJ1cGRhdGUiOjEyMDAwMDAwMDAwMH19",
          "dependencies": [
            "aws_internet_gateway.igw",
            "aws_route_table.public_rt",
            "aws_subnet.public_2",
            "aws_vpc.nit_vpc",
            "data.aws_availability_zones.azs"
          ]
        }
      ]
    },
    {
      "mode": "managed",
      "type": "aws_s3_bucket",
      "name": "be_app_bucket",
      "provider": "provider[\"registry.terraform.io/hashicorp/aws\"]",
      "instances": [
        {
          "schema_version": 0,
          "attributes": {
            "acceleration_status": "",
            "acl": null,
            "arn": "arn:aws:s3:::nit-dev-be-app-bucket",
            "bucket": "nit-dev-be-app-bucket",
            "bucket_domain_name": "nit-dev-be-app-bucket.s3.amazonaws.com",
            "bucket_prefix": "",
            "bucket_regional_domain_name": "nit-dev-be-app-bucket.s3.ap-south-1.amazonaws.com",
            "cors_rule": [],
            "force_destroy": false,
            "grant": [
              {
                "id": "49e3726cfd198c58c310bd34f29bfd423bfbc89f47168ea7b985e0b08966db4f",
                "permissions": [
                  "FULL_CONTROL"
                ],
                "type": "CanonicalUser",
                "uri": ""
              }
            ],
            "hosted_zone_id": "Z11RGJOFQNVJUP",
            "id": "nit-dev-be-app-bucket",
            "lifecycle_rule": [],
            "logging": [],
            "object_lock_configuration": [],
            "object_lock_enabled": false,
            "policy": "",
            "region": "ap-south-1",
            "replication_configuration": [],
            "request_payer": "BucketOwner",
            "server_side_encryption_configuration": [
              {
                "rule": [
                  {
                    "apply_server_side_encryption_by_default": [
                      {
                        "kms_master_key_id": "",
                        "sse_algorithm": "AES256"
                      }
                    ],
                    "bucket_key_enabled": false
                  }
                ]
              }
            ],
            "tags": {
              "Name": "nit-dev-be-app-bucket"
            },
            "tags_all": {
              "Name": "nit-dev-be-app-bucket"
            },
            "timeouts": null,
            "versioning": [
              {
                "enabled": false,
                "mfa_delete": false
              }
            ],
            "website": [],
            "website_domain": null,
            "website_endpoint": null
          },
          "sensitive_attributes": [],
          "identity_schema_version": 0,
          "private": "eyJlMmJmYjczMC1lY2FhLTExZTYtOGY4OC0zNDM2M2JjN2M0YzAiOnsiY3JlYXRlIjoxMjAwMDAwMDAwMDAwLCJkZWxldGUiOjM2MDAwMDAwMDAwMDAsInJlYWQiOjEyMDAwMDAwMDAwMDAsInVwZGF0ZSI6MTIwMDAwMDAwMDAwMH19"
        }
      ]
    },
    {
      "mode": "managed",
      "type": "aws_s3_bucket",
      "name": "frontend_bucket",
      "provider": "provider[\"registry.terraform.io/hashicorp/aws\"]",
      "instances": [
        {
          "schema_version": 0,
          "attributes": {
            "acceleration_status": "",
            "acl": null,
            "arn": "arn:aws:s3:::nit-dev-fe-bucket",
            "bucket": "nit-dev-fe-bucket",
            "bucket_domain_name": "nit-dev-fe-bucket.s3.amazonaws.com",
            "bucket_prefix": "",
            "bucket_regional_domain_name": "nit-dev-fe-bucket.s3.ap-south-1.amazonaws.com",
            "cors_rule": [],
            "force_destroy": false,
            "grant": [
              {
                "id": "49e3726cfd198c58c310bd34f29bfd423bfbc89f47168ea7b985e0b08966db4f",
                "permissions": [
                  "FULL_CONTROL"
                ],
                "type": "CanonicalUser",
                "uri": ""
              }
            ],
            "hosted_zone_id": "Z11RGJOFQNVJUP",
            "id": "nit-dev-fe-bucket",
            "lifecycle_rule": [],
            "logging": [],
            "object_lock_configuration": [],
            "object_lock_enabled": false,
            "policy": "",
            "region": "ap-south-1",
            "replication_configuration": [],
            "request_payer": "BucketOwner",
            "server_side_encryption_configuration": [
              {
                "rule": [
                  {
                    "apply_server_side_encryption_by_default": [
                      {
                        "kms_master_key_id": "",
                        "sse_algorithm": "AES256"
                      }
                    ],
                    "bucket_key_enabled": false
                  }
                ]
              }
            ],
            "tags": {
              "Name": "nit-dev-fe-bucket"
            },
            "tags_all": {
              "Name": "nit-dev-fe-bucket"
            },
            "timeouts": null,
            "versioning": [
              {
                "enabled": false,
                "mfa_delete": false
              }
            ],
            "website": [],
            "website_domain": null,
            "website_endpoint": null
          },
          "sensitive_attributes": [],
          "identity_schema_version": 0,
          "private": "eyJlMmJmYjczMC1lY2FhLTExZTYtOGY4OC0zNDM2M2JjN2M0YzAiOnsiY3JlYXRlIjoxMjAwMDAwMDAwMDAwLCJkZWxldGUiOjM2MDAwMDAwMDAwMDAsInJlYWQiOjEyMDAwMDAwMDAwMDAsInVwZGF0ZSI6MTIwMDAwMDAwMDAwMH19"
        }
      ]
    },
    {
      "mode": "managed",
      "type": "aws_s3_object",
      "name": "backend_app",
      "provider": "provider[\"registry.terraform.io/hashicorp/aws\"]",
      "instances": [
        {
          "schema_version": 0,
          "attributes": {
            "acl": null,
            "arn": "arn:aws:s3:::nit-dev-be-app-bucket/datastore-0.0.7.jar",
            "bucket": "nit-dev-be-app-bucket",
            "bucket_key_enabled": false,
            "cache_control": "",
            "checksum_algorithm": null,
            "checksum_crc32": "",
            "checksum_crc32c": "",
            "checksum_crc64nvme": "",
            "checksum_sha1": "",
            "checksum_sha256": "",
            "content": null,
            "content_base64": null,
            "content_disposition": "",
            "content_encoding": "",
            "content_language": "",
            "content_type": "binary/octet-stream",
            "etag": "9b47884e11ed8b23a915926d7746669a-11",
            "force_destroy": false,
            "id": "datastore-0.0.7.jar",
            "key": "datastore-0.0.7.jar",
            "kms_key_id": null,
            "metadata": {},
            "object_lock_legal_hold_status": "",
            "object_lock_mode": "",
            "object_lock_retain_until_date": "",
            "override_provider": [],
            "server_side_encryption": "AES256",
            "source": "datastore-0.0.7.jar",
            "source_hash": null,
            "storage_class": "STANDARD",
            "tags": {},
            "tags_all": {},
            "version_id": "",
            "website_redirect": ""
          },
          "sensitive_attributes": [],
          "identity_schema_version": 0,
          "private": "bnVsbA==",
          "dependencies": [
            "aws_s3_bucket.be_app_bucket"
          ]
        }
      ]
    },
    {
      "mode": "managed",
      "type": "aws_s3_object",
      "name": "frontend_app",
      "provider": "provider[\"registry.terraform.io/hashicorp/aws\"]",
      "instances": [
        {
          "schema_version": 0,
          "attributes": {
            "acl": null,
            "arn": "arn:aws:s3:::nit-dev-fe-bucket/app.py",
            "bucket": "nit-dev-fe-bucket",
            "bucket_key_enabled": false,
            "cache_control": "",
            "checksum_algorithm": null,
            "checksum_crc32": "",
            "checksum_crc32c": "",
            "checksum_crc64nvme": "",
            "checksum_sha1": "",
            "checksum_sha256": "",
            "content": null,
            "content_base64": null,
            "content_disposition": "",
            "content_encoding": "",
            "content_language": "",
            "content_type": "application/octet-stream",
            "etag": "24bd85b149482bfd094c662f2635e416",
            "force_destroy": false,
            "id": "app.py",
            "key": "app.py",
            "kms_key_id": null,
            "metadata": {},
            "object_lock_legal_hold_status": "",
            "object_lock_mode": "",
            "object_lock_retain_until_date": "",
            "override_provider": [],
            "server_side_encryption": "AES256",
            "source": "app.py",
            "source_hash": null,
            "storage_class": "STANDARD",
            "tags": {},
            "tags_all": {},
            "version_id": "",
            "website_redirect": ""
          },
          "sensitive_attributes": [],
          "identity_schema_version": 0,
          "private": "bnVsbA==",
          "dependencies": [
            "aws_s3_bucket.frontend_bucket"
          ]
        }
      ]
    },
    {
      "mode": "managed",
      "type": "aws_security_group",
      "name": "alb_sg",
      "provider": "provider[\"registry.terraform.io/hashicorp/aws\"]",
      "instances": [
        {
          "schema_version": 1,
          "attributes": {
            "arn": "arn:aws:ec2:ap-south-1:256600409744:security-group/sg-0a308507ab6659594",
            "description": "Allow HTTP 80 from internet",
            "egress": [
              {
                "cidr_blocks": [
                  "0.0.0.0/0"
                ],
                "description": "",
                "from_port": 0,
                "ipv6_cidr_blocks": [],
                "prefix_list_ids": [],
                "protocol": "-1",
                "security_groups": [],
                "self": false,
                "to_port": 0
              }
            ],
            "id": "sg-0a308507ab6659594",
            "ingress": [
              {
                "cidr_blocks": [
                  "0.0.0.0/0"
                ],
                "description": "",
                "from_port": 80,
                "ipv6_cidr_blocks": [],
                "prefix_list_ids": [],
                "protocol": "tcp",
                "security_groups": [],
                "self": false,
                "to_port": 80
              }
            ],
            "name": "nit-dev-alb-sg",
            "name_prefix": "",
            "owner_id": "256600409744",
            "revoke_rules_on_delete": false,
            "tags": {
              "Name": "nit-dev-alb-sg"
            },
            "tags_all": {
              "Name": "nit-dev-alb-sg"
            },
            "timeouts": null,
            "vpc_id": "vpc-0b771092c6e1aaa8e"
          },
          "sensitive_attributes": [],
          "identity_schema_version": 0,
          "private": "eyJlMmJmYjczMC1lY2FhLTExZTYtOGY4OC0zNDM2M2JjN2M0YzAiOnsiY3JlYXRlIjo2MDAwMDAwMDAwMDAsImRlbGV0ZSI6OTAwMDAwMDAwMDAwfSwic2NoZW1hX3ZlcnNpb24iOiIxIn0=",
          "dependencies": [
            "aws_vpc.nit_vpc"
          ]
        }
      ]
    },
    {
      "mode": "managed",
      "type": "aws_security_group",
      "name": "be_sg",
      "provider": "provider[\"registry.terraform.io/hashicorp/aws\"]",
      "instances": [
        {
          "schema_version": 1,
          "attributes": {
            "arn": "arn:aws:ec2:ap-south-1:256600409744:security-group/sg-0d3c3e3eb041a6231",
            "description": "Allow 8084 from NLB private subnet CIDRs",
            "egress": [
              {
                "cidr_blocks": [
                  "0.0.0.0/0"
                ],
                "description": "",
                "from_port": 0,
                "ipv6_cidr_blocks": [],
                "prefix_list_ids": [],
                "protocol": "-1",
                "security_groups": [],
                "self": false,
                "to_port": 0
              }
            ],
            "id": "sg-0d3c3e3eb041a6231",
            "ingress": [
              {
                "cidr_blocks": [
                  "172.20.10.0/24",
                  "172.20.11.0/24"
                ],
                "description": "",
                "from_port": 8084,
                "ipv6_cidr_blocks": [],
                "prefix_list_ids": [],
                "protocol": "tcp",
                "security_groups": [],
                "self": false,
                "to_port": 8084
              }
            ],
            "name": "nit-dev-be-sg",
            "name_prefix": "",
            "owner_id": "256600409744",
            "revoke_rules_on_delete": false,
            "tags": {
              "Name": "nit-dev-be-sg"
            },
            "tags_all": {
              "Name": "nit-dev-be-sg"
            },
            "timeouts": null,
            "vpc_id": "vpc-0b771092c6e1aaa8e"
          },
          "sensitive_attributes": [],
          "identity_schema_version": 0,
          "private": "eyJlMmJmYjczMC1lY2FhLTExZTYtOGY4OC0zNDM2M2JjN2M0YzAiOnsiY3JlYXRlIjo2MDAwMDAwMDAwMDAsImRlbGV0ZSI6OTAwMDAwMDAwMDAwfSwic2NoZW1hX3ZlcnNpb24iOiIxIn0=",
          "dependencies": [
            "aws_subnet.private_1",
            "aws_subnet.private_2",
            "aws_vpc.nit_vpc",
            "data.aws_availability_zones.azs"
          ]
        }
      ]
    },
    {
      "mode": "managed",
      "type": "aws_security_group",
      "name": "fe_sg",
      "provider": "provider[\"registry.terraform.io/hashicorp/aws\"]",
      "instances": [
        {
          "schema_version": 1,
          "attributes": {
            "arn": "arn:aws:ec2:ap-south-1:256600409744:security-group/sg-020da01d04ada56d5",
            "description": "Allow 8501 from ALB SG",
            "egress": [
              {
                "cidr_blocks": [
                  "0.0.0.0/0"
                ],
                "description": "",
                "from_port": 0,
                "ipv6_cidr_blocks": [],
                "prefix_list_ids": [],
                "protocol": "-1",
                "security_groups": [],
                "self": false,
                "to_port": 0
              }
            ],
            "id": "sg-020da01d04ada56d5",
            "ingress": [
              {
                "cidr_blocks": [],
                "description": "",
                "from_port": 8501,
                "ipv6_cidr_blocks": [],
                "prefix_list_ids": [],
                "protocol": "tcp",
                "security_groups": [
                  "sg-0a308507ab6659594"
                ],
                "self": false,
                "to_port": 8501
              }
            ],
            "name": "nit-dev-fe-sg",
            "name_prefix": "",
            "owner_id": "256600409744",
            "revoke_rules_on_delete": false,
            "tags": {
              "Name": "nit-dev-fe-sg"
            },
            "tags_all": {
              "Name": "nit-dev-fe-sg"
            },
            "timeouts": null,
            "vpc_id": "vpc-0b771092c6e1aaa8e"
          },
          "sensitive_attributes": [],
          "identity_schema_version": 0,
          "private": "eyJlMmJmYjczMC1lY2FhLTExZTYtOGY4OC0zNDM2M2JjN2M0YzAiOnsiY3JlYXRlIjo2MDAwMDAwMDAwMDAsImRlbGV0ZSI6OTAwMDAwMDAwMDAwfSwic2NoZW1hX3ZlcnNpb24iOiIxIn0=",
          "dependencies": [
            "aws_security_group.alb_sg",
            "aws_vpc.nit_vpc"
          ]
        }
      ]
    },
    {
      "mode": "managed",
      "type": "aws_security_group",
      "name": "nlb_sg",
      "provider": "provider[\"registry.terraform.io/hashicorp/aws\"]",
      "instances": [
        {
          "schema_version": 1,
          "attributes": {
            "arn": "arn:aws:ec2:ap-south-1:256600409744:security-group/sg-0999f082fcb6c00e6",
            "description": "Allow 80 from FE SG (reference only)",
            "egress": [
              {
                "cidr_blocks": [
                  "0.0.0.0/0"
                ],
                "description": "",
                "from_port": 0,
                "ipv6_cidr_blocks": [],
                "prefix_list_ids": [],
                "protocol": "-1",
                "security_groups": [],
                "self": false,
                "to_port": 0
              }
            ],
            "id": "sg-0999f082fcb6c00e6",
            "ingress": [
              {
                "cidr_blocks": [],
                "description": "",
                "from_port": 80,
                "ipv6_cidr_blocks": [],
                "prefix_list_ids": [],
                "protocol": "tcp",
                "security_groups": [
                  "sg-020da01d04ada56d5"
                ],
                "self": false,
                "to_port": 80
              }
            ],
            "name": "nit-dev-nlb-sg",
            "name_prefix": "",
            "owner_id": "256600409744",
            "revoke_rules_on_delete": false,
            "tags": {
              "Name": "nit-dev-nlb-sg"
            },
            "tags_all": {
              "Name": "nit-dev-nlb-sg"
            },
            "timeouts": null,
            "vpc_id": "vpc-0b771092c6e1aaa8e"
          },
          "sensitive_attributes": [],
          "identity_schema_version": 0,
          "private": "eyJlMmJmYjczMC1lY2FhLTExZTYtOGY4OC0zNDM2M2JjN2M0YzAiOnsiY3JlYXRlIjo2MDAwMDAwMDAwMDAsImRlbGV0ZSI6OTAwMDAwMDAwMDAwfSwic2NoZW1hX3ZlcnNpb24iOiIxIn0=",
          "dependencies": [
            "aws_security_group.alb_sg",
            "aws_security_group.fe_sg",
            "aws_vpc.nit_vpc"
          ]
        }
      ]
    },
    {
      "mode": "managed",
      "type": "aws_security_group",
      "name": "rds_sg",
      "provider": "provider[\"registry.terraform.io/hashicorp/aws\"]",
      "instances": [
        {
          "schema_version": 1,
          "attributes": {
            "arn": "arn:aws:ec2:ap-south-1:256600409744:security-group/sg-026168f91fd8e62b5",
            "description": "Allow MySQL 3306 from BE SG only",
            "egress": [
              {
                "cidr_blocks": [
                  "0.0.0.0/0"
                ],
                "description": "",
                "from_port": 0,
                "ipv6_cidr_blocks": [],
                "prefix_list_ids": [],
                "protocol": "-1",
                "security_groups": [],
                "self": false,
                "to_port": 0
              }
            ],
            "id": "sg-026168f91fd8e62b5",
            "ingress": [
              {
                "cidr_blocks": [],
                "description": "",
                "from_port": 3306,
                "ipv6_cidr_blocks": [],
                "prefix_list_ids": [],
                "protocol": "tcp",
                "security_groups": [
                  "sg-0d3c3e3eb041a6231"
                ],
                "self": false,
                "to_port": 3306
              }
            ],
            "name": "nit-dev-rds-sg",
            "name_prefix": "",
            "owner_id": "256600409744",
            "revoke_rules_on_delete": false,
            "tags": {
              "Name": "nit-dev-rds-sg"
            },
            "tags_all": {
              "Name": "nit-dev-rds-sg"
            },
            "timeouts": null,
            "vpc_id": "vpc-0b771092c6e1aaa8e"
          },
          "sensitive_attributes": [],
          "identity_schema_version": 0,
          "private": "eyJlMmJmYjczMC1lY2FhLTExZTYtOGY4OC0zNDM2M2JjN2M0YzAiOnsiY3JlYXRlIjo2MDAwMDAwMDAwMDAsImRlbGV0ZSI6OTAwMDAwMDAwMDAwfSwic2NoZW1hX3ZlcnNpb24iOiIxIn0=",
          "dependencies": [
            "aws_security_group.be_sg",
            "aws_subnet.private_1",
            "aws_subnet.private_2",
            "aws_vpc.nit_vpc",
            "data.aws_availability_zones.azs"
          ]
        }
      ]
    },
    {
      "mode": "managed",
      "type": "aws_ssm_parameter",
      "name": "mysql_host",
      "provider": "provider[\"registry.terraform.io/hashicorp/aws\"]",
      "instances": [
        {
          "schema_version": 0,
          "attributes": {
            "allowed_pattern": "",
            "arn": "arn:aws:ssm:ap-south-1:256600409744:parameter/nit/dev/mysql/host",
            "data_type": "text",
            "description": "",
            "has_value_wo": null,
            "id": "/nit/dev/mysql/host",
            "insecure_value": null,
            "key_id": "",
            "name": "/nit/dev/mysql/host",
            "overwrite": null,
            "tags": null,
            "tags_all": {},
            "tier": "Standard",
            "type": "String",
            "value": "nit-dev-mysql.cp0k4s8c25hm.ap-south-1.rds.amazonaws.com",
            "value_wo": null,
            "value_wo_version": null,
            "version": 1
          },
          "sensitive_attributes": [
            [
              {
                "type": "get_attr",
                "value": "value"
              }
            ],
            [
              {
                "type": "get_attr",
                "value": "value_wo"
              }
            ]
          ],
          "identity_schema_version": 0,
          "private": "bnVsbA==",
          "dependencies": [
            "aws_db_instance.mysql",
            "aws_db_subnet_group.rds_subnet_group",
            "aws_security_group.be_sg",
            "aws_security_group.rds_sg",
            "aws_subnet.private_1",
            "aws_subnet.private_2",
            "aws_vpc.nit_vpc",
            "data.aws_availability_zones.azs"
          ]
        }
      ]
    },
    {
      "mode": "managed",
      "type": "aws_ssm_parameter",
      "name": "mysql_password",
      "provider": "provider[\"registry.terraform.io/hashicorp/aws\"]",
      "instances": [
        {
          "schema_version": 0,
          "attributes": {
            "allowed_pattern": "",
            "arn": "arn:aws:ssm:ap-south-1:256600409744:parameter/nit/dev/mysql/password",
            "data_type": "text",
            "description": "",
            "has_value_wo": null,
            "id": "/nit/dev/mysql/password",
            "insecure_value": null,
            "key_id": "alias/aws/ssm",
            "name": "/nit/dev/mysql/password",
            "overwrite": null,
            "tags": {},
            "tags_all": {},
            "tier": "Standard",
            "type": "SecureString",
            "value": "root1234",
            "value_wo": null,
            "value_wo_version": null,
            "version": 1
          },
          "sensitive_attributes": [
            [
              {
                "type": "get_attr",
                "value": "value"
              }
            ],
            [
              {
                "type": "get_attr",
                "value": "value_wo"
              }
            ]
          ],
          "identity_schema_version": 0,
          "private": "bnVsbA=="
        }
      ]
    },
    {
      "mode": "managed",
      "type": "aws_ssm_parameter",
      "name": "mysql_username",
      "provider": "provider[\"registry.terraform.io/hashicorp/aws\"]",
      "instances": [
        {
          "schema_version": 0,
          "attributes": {
            "allowed_pattern": "",
            "arn": "arn:aws:ssm:ap-south-1:256600409744:parameter/nit/dev/mysql/username",
            "data_type": "text",
            "description": "",
            "has_value_wo": null,
            "id": "/nit/dev/mysql/username",
            "insecure_value": null,
            "key_id": "",
            "name": "/nit/dev/mysql/username",
            "overwrite": null,
            "tags": {},
            "tags_all": {},
            "tier": "Standard",
            "type": "String",
            "value": "nitadmin",
            "value_wo": null,
            "value_wo_version": null,
            "version": 1
          },
          "sensitive_attributes": [
            [
              {
                "type": "get_attr",
                "value": "value"
              }
            ],
            [
              {
                "type": "get_attr",
                "value": "value_wo"
              }
            ]
          ],
          "identity_schema_version": 0,
          "private": "bnVsbA=="
        }
      ]
    },
    {
      "mode": "managed",
      "type": "aws_subnet",
      "name": "private_1",
      "provider": "provider[\"registry.terraform.io/hashicorp/aws\"]",
      "instances": [
        {
          "schema_version": 1,
          "attributes": {
            "arn": "arn:aws:ec2:ap-south-1:256600409744:subnet/subnet-0840e04960c3ba890",
            "assign_ipv6_address_on_creation": false,
            "availability_zone": "ap-south-1a",
            "availability_zone_id": "aps1-az1",
            "cidr_block": "172.20.10.0/24",
            "customer_owned_ipv4_pool": "",
            "enable_dns64": false,
            "enable_lni_at_device_index": 0,
            "enable_resource_name_dns_a_record_on_launch": false,
            "enable_resource_name_dns_aaaa_record_on_launch": false,
            "id": "subnet-0840e04960c3ba890",
            "ipv6_cidr_block": "",
            "ipv6_cidr_block_association_id": "",
            "ipv6_native": false,
            "map_customer_owned_ip_on_launch": false,
            "map_public_ip_on_launch": false,
            "outpost_arn": "",
            "owner_id": "256600409744",
            "private_dns_hostname_type_on_launch": "ip-name",
            "tags": {
              "Environment": "Dev",
              "ManagedBy": "Terraform",
              "Name": "nit-dev-private-1",
              "Project": "NIT"
            },
            "tags_all": {
              "Environment": "Dev",
              "ManagedBy": "Terraform",
              "Name": "nit-dev-private-1",
              "Project": "NIT"
            },
            "timeouts": null,
            "vpc_id": "vpc-0b771092c6e1aaa8e"
          },
          "sensitive_attributes": [],
          "identity_schema_version": 0,
          "private": "eyJlMmJmYjczMC1lY2FhLTExZTYtOGY4OC0zNDM2M2JjN2M0YzAiOnsiY3JlYXRlIjo2MDAwMDAwMDAwMDAsImRlbGV0ZSI6MTIwMDAwMDAwMDAwMH0sInNjaGVtYV92ZXJzaW9uIjoiMSJ9",
          "dependencies": [
            "aws_vpc.nit_vpc",
            "data.aws_availability_zones.azs"
          ]
        }
      ]
    },
    {
      "mode": "managed",
      "type": "aws_subnet",
      "name": "private_2",
      "provider": "provider[\"registry.terraform.io/hashicorp/aws\"]",
      "instances": [
        {
          "schema_version": 1,
          "attributes": {
            "arn": "arn:aws:ec2:ap-south-1:256600409744:subnet/subnet-06d99f755d11770a6",
            "assign_ipv6_address_on_creation": false,
            "availability_zone": "ap-south-1b",
            "availability_zone_id": "aps1-az3",
            "cidr_block": "172.20.11.0/24",
            "customer_owned_ipv4_pool": "",
            "enable_dns64": false,
            "enable_lni_at_device_index": 0,
            "enable_resource_name_dns_a_record_on_launch": false,
            "enable_resource_name_dns_aaaa_record_on_launch": false,
            "id": "subnet-06d99f755d11770a6",
            "ipv6_cidr_block": "",
            "ipv6_cidr_block_association_id": "",
            "ipv6_native": false,
            "map_customer_owned_ip_on_launch": false,
            "map_public_ip_on_launch": false,
            "outpost_arn": "",
            "owner_id": "256600409744",
            "private_dns_hostname_type_on_launch": "ip-name",
            "tags": {
              "Environment": "Dev",
              "ManagedBy": "Terraform",
              "Name": "nit-dev-private-2",
              "Project": "NIT"
            },
            "tags_all": {
              "Environment": "Dev",
              "ManagedBy": "Terraform",
              "Name": "nit-dev-private-2",
              "Project": "NIT"
            },
            "timeouts": null,
            "vpc_id": "vpc-0b771092c6e1aaa8e"
          },
          "sensitive_attributes": [],
          "identity_schema_version": 0,
          "private": "eyJlMmJmYjczMC1lY2FhLTExZTYtOGY4OC0zNDM2M2JjN2M0YzAiOnsiY3JlYXRlIjo2MDAwMDAwMDAwMDAsImRlbGV0ZSI6MTIwMDAwMDAwMDAwMH0sInNjaGVtYV92ZXJzaW9uIjoiMSJ9",
          "dependencies": [
            "aws_vpc.nit_vpc",
            "data.aws_availability_zones.azs"
          ]
        }
      ]
    },
    {
      "mode": "managed",
      "type": "aws_subnet",
      "name": "public_1",
      "provider": "provider[\"registry.terraform.io/hashicorp/aws\"]",
      "instances": [
        {
          "schema_version": 1,
          "attributes": {
            "arn": "arn:aws:ec2:ap-south-1:256600409744:subnet/subnet-0dad17888ad714146",
            "assign_ipv6_address_on_creation": false,
            "availability_zone": "ap-south-1a",
            "availability_zone_id": "aps1-az1",
            "cidr_block": "172.20.1.0/24",
            "customer_owned_ipv4_pool": "",
            "enable_dns64": false,
            "enable_lni_at_device_index": 0,
            "enable_resource_name_dns_a_record_on_launch": false,
            "enable_resource_name_dns_aaaa_record_on_launch": false,
            "id": "subnet-0dad17888ad714146",
            "ipv6_cidr_block": "",
            "ipv6_cidr_block_association_id": "",
            "ipv6_native": false,
            "map_customer_owned_ip_on_launch": false,
            "map_public_ip_on_launch": true,
            "outpost_arn": "",
            "owner_id": "256600409744",
            "private_dns_hostname_type_on_launch": "ip-name",
            "tags": {
              "Environment": "Dev",
              "ManagedBy": "Terraform",
              "Name": "nit-dev-public-1",
              "Project": "NIT"
            },
            "tags_all": {
              "Environment": "Dev",
              "ManagedBy": "Terraform",
              "Name": "nit-dev-public-1",
              "Project": "NIT"
            },
            "timeouts": null,
            "vpc_id": "vpc-0b771092c6e1aaa8e"
          },
          "sensitive_attributes": [],
          "identity_schema_version": 0,
          "private": "eyJlMmJmYjczMC1lY2FhLTExZTYtOGY4OC0zNDM2M2JjN2M0YzAiOnsiY3JlYXRlIjo2MDAwMDAwMDAwMDAsImRlbGV0ZSI6MTIwMDAwMDAwMDAwMH0sInNjaGVtYV92ZXJzaW9uIjoiMSJ9",
          "dependencies": [
            "aws_vpc.nit_vpc",
            "data.aws_availability_zones.azs"
          ]
        }
      ]
    },
    {
      "mode": "managed",
      "type": "aws_subnet",
      "name": "public_2",
      "provider": "provider[\"registry.terraform.io/hashicorp/aws\"]",
      "instances": [
        {
          "schema_version": 1,
          "attributes": {
            "arn": "arn:aws:ec2:ap-south-1:256600409744:subnet/subnet-06fd4412b8f3a0f5b",
            "assign_ipv6_address_on_creation": false,
            "availability_zone": "ap-south-1b",
            "availability_zone_id": "aps1-az3",
            "cidr_block": "172.20.2.0/24",
            "customer_owned_ipv4_pool": "",
            "enable_dns64": false,
            "enable_lni_at_device_index": 0,
            "enable_resource_name_dns_a_record_on_launch": false,
            "enable_resource_name_dns_aaaa_record_on_launch": false,
            "id": "subnet-06fd4412b8f3a0f5b",
            "ipv6_cidr_block": "",
            "ipv6_cidr_block_association_id": "",
            "ipv6_native": false,
            "map_customer_owned_ip_on_launch": false,
            "map_public_ip_on_launch": true,
            "outpost_arn": "",
            "owner_id": "256600409744",
            "private_dns_hostname_type_on_launch": "ip-name",
            "tags": {
              "Environment": "Dev",
              "ManagedBy": "Terraform",
              "Name": "nit-dev-public-2",
              "Project": "NIT"
            },
            "tags_all": {
              "Environment": "Dev",
              "ManagedBy": "Terraform",
              "Name": "nit-dev-public-2",
              "Project": "NIT"
            },
            "timeouts": null,
            "vpc_id": "vpc-0b771092c6e1aaa8e"
          },
          "sensitive_attributes": [],
          "identity_schema_version": 0,
          "private": "eyJlMmJmYjczMC1lY2FhLTExZTYtOGY4OC0zNDM2M2JjN2M0YzAiOnsiY3JlYXRlIjo2MDAwMDAwMDAwMDAsImRlbGV0ZSI6MTIwMDAwMDAwMDAwMH0sInNjaGVtYV92ZXJzaW9uIjoiMSJ9",
          "dependencies": [
            "aws_vpc.nit_vpc",
            "data.aws_availability_zones.azs"
          ]
        }
      ]
    },
    {
      "mode": "managed",
      "type": "aws_vpc",
      "name": "nit_vpc",
      "provider": "provider[\"registry.terraform.io/hashicorp/aws\"]",
      "instances": [
        {
          "schema_version": 1,
          "attributes": {
            "arn": "arn:aws:ec2:ap-south-1:256600409744:vpc/vpc-0b771092c6e1aaa8e",
            "assign_generated_ipv6_cidr_block": false,
            "cidr_block": "172.20.0.0/16",
            "default_network_acl_id": "acl-05c184a569f395142",
            "default_route_table_id": "rtb-00b650ba889f4deaa",
            "default_security_group_id": "sg-058c24b689635bf22",
            "dhcp_options_id": "dopt-0840c389c49ff7324",
            "enable_dns_hostnames": true,
            "enable_dns_support": true,
            "enable_network_address_usage_metrics": false,
            "id": "vpc-0b771092c6e1aaa8e",
            "instance_tenancy": "default",
            "ipv4_ipam_pool_id": null,
            "ipv4_netmask_length": null,
            "ipv6_association_id": "",
            "ipv6_cidr_block": "",
            "ipv6_cidr_block_network_border_group": "",
            "ipv6_ipam_pool_id": "",
            "ipv6_netmask_length": 0,
            "main_route_table_id": "rtb-00b650ba889f4deaa",
            "owner_id": "256600409744",
            "tags": {
              "Environment": "Dev",
              "ManagedBy": "Terraform",
              "Name": "nit-dev-vpc",
              "Project": "NIT"
            },
            "tags_all": {
              "Environment": "Dev",
              "ManagedBy": "Terraform",
              "Name": "nit-dev-vpc",
              "Project": "NIT"
            }
          },
          "sensitive_attributes": [],
          "identity_schema_version": 0,
          "private": "eyJzY2hlbWFfdmVyc2lvbiI6IjEifQ=="
        }
      ]
    }
  ],
  "check_results": null
}
